// !$*UTF8*$!
{
	archiveVersion = 1;
	classes = {
	};
	objectVersion = 46;
	objects = {

/* Begin PBXBuildFile section */
		4A09F14C198C080E00C83601 /* OldGame.m in Sources */ = {isa = PBXBuildFile; fileRef = 4A09F14B198C080E00C83601 /* OldGame.m */; };
		4A09F15C198FE08300C83601 /* Scroll.m in Sources */ = {isa = PBXBuildFile; fileRef = 4A09F15B198FE08300C83601 /* Scroll.m */; };
		4A0FCF1B199D543F0088AE01 /* AppIcon16x16 copy.png in Resources */ = {isa = PBXBuildFile; fileRef = 4A0FCF0A199D543F0088AE01 /* AppIcon16x16 copy.png */; };
		4A0FCF1C199D543F0088AE01 /* AppIcon29x29.png in Resources */ = {isa = PBXBuildFile; fileRef = 4A0FCF0B199D543F0088AE01 /* AppIcon29x29.png */; };
		4A0FCF1D199D543F0088AE01 /* AppIcon29x29@2x.png in Resources */ = {isa = PBXBuildFile; fileRef = 4A0FCF0C199D543F0088AE01 /* AppIcon29x29@2x.png */; };
		4A0FCF1E199D543F0088AE01 /* AppIcon40x40.png in Resources */ = {isa = PBXBuildFile; fileRef = 4A0FCF0D199D543F0088AE01 /* AppIcon40x40.png */; };
		4A0FCF1F199D543F0088AE01 /* AppIcon40x40@2x.png in Resources */ = {isa = PBXBuildFile; fileRef = 4A0FCF0E199D543F0088AE01 /* AppIcon40x40@2x.png */; };
		4A0FCF20199D543F0088AE01 /* AppIcon50x50.png in Resources */ = {isa = PBXBuildFile; fileRef = 4A0FCF0F199D543F0088AE01 /* AppIcon50x50.png */; };
		4A0FCF21199D543F0088AE01 /* AppIcon50x50@2x.png in Resources */ = {isa = PBXBuildFile; fileRef = 4A0FCF10199D543F0088AE01 /* AppIcon50x50@2x.png */; };
		4A0FCF22199D543F0088AE01 /* AppIcon57x57.png in Resources */ = {isa = PBXBuildFile; fileRef = 4A0FCF11199D543F0088AE01 /* AppIcon57x57.png */; };
		4A0FCF23199D543F0088AE01 /* AppIcon57x57@2x.png in Resources */ = {isa = PBXBuildFile; fileRef = 4A0FCF12199D543F0088AE01 /* AppIcon57x57@2x.png */; };
		4A0FCF24199D543F0088AE01 /* AppIcon60x60.png in Resources */ = {isa = PBXBuildFile; fileRef = 4A0FCF13199D543F0088AE01 /* AppIcon60x60.png */; };
		4A0FCF25199D543F0088AE01 /* AppIcon60x60@2x.png in Resources */ = {isa = PBXBuildFile; fileRef = 4A0FCF14199D543F0088AE01 /* AppIcon60x60@2x.png */; };
		4A0FCF26199D543F0088AE01 /* AppIcon72x72.png in Resources */ = {isa = PBXBuildFile; fileRef = 4A0FCF15199D543F0088AE01 /* AppIcon72x72.png */; };
		4A0FCF27199D543F0088AE01 /* AppIcon72x72@2x.png in Resources */ = {isa = PBXBuildFile; fileRef = 4A0FCF16199D543F0088AE01 /* AppIcon72x72@2x.png */; };
		4A0FCF28199D543F0088AE01 /* AppIcon76x76.png in Resources */ = {isa = PBXBuildFile; fileRef = 4A0FCF17199D543F0088AE01 /* AppIcon76x76.png */; };
		4A0FCF29199D543F0088AE01 /* AppIcon76x76@2x.png in Resources */ = {isa = PBXBuildFile; fileRef = 4A0FCF18199D543F0088AE01 /* AppIcon76x76@2x.png */; };
		4A0FCF2A199D543F0088AE01 /* iTunesArtwork.png in Resources */ = {isa = PBXBuildFile; fileRef = 4A0FCF19199D543F0088AE01 /* iTunesArtwork.png */; };
		4A0FCF2B199D543F0088AE01 /* iTunesArtwork@2x.png in Resources */ = {isa = PBXBuildFile; fileRef = 4A0FCF1A199D543F0088AE01 /* iTunesArtwork@2x.png */; };
		4A0FCF30199D891B0088AE01 /* Ness.m in Sources */ = {isa = PBXBuildFile; fileRef = 4A0FCF2F199D891B0088AE01 /* Ness.m */; };
		4A0FCF4719A2986E0088AE01 /* Contents.json in Resources */ = {isa = PBXBuildFile; fileRef = 4A0FCF3B19A2986E0088AE01 /* Contents.json */; };
		4A0FCF4819A2986E0088AE01 /* Default-568h@2x.png in Resources */ = {isa = PBXBuildFile; fileRef = 4A0FCF3C19A2986E0088AE01 /* Default-568h@2x.png */; };
		4A0FCF4919A2986E0088AE01 /* Default.png in Resources */ = {isa = PBXBuildFile; fileRef = 4A0FCF3D19A2986E0088AE01 /* Default.png */; };
		4A0FCF4A19A2986E0088AE01 /* Default@2x.png in Resources */ = {isa = PBXBuildFile; fileRef = 4A0FCF3E19A2986E0088AE01 /* Default@2x.png */; };
		4A0FCF4B19A2986E0088AE01 /* Default~ipad.png in Resources */ = {isa = PBXBuildFile; fileRef = 4A0FCF3F19A2986E0088AE01 /* Default~ipad.png */; };
		4A0FCF4C19A2986E0088AE01 /* Default~ipad@2x.png in Resources */ = {isa = PBXBuildFile; fileRef = 4A0FCF4019A2986E0088AE01 /* Default~ipad@2x.png */; };
		4A0FCF4D19A2986E0088AE01 /* Default~ipad~landscape.png in Resources */ = {isa = PBXBuildFile; fileRef = 4A0FCF4119A2986E0088AE01 /* Default~ipad~landscape.png */; };
		4A0FCF4E19A2986E0088AE01 /* Default~ipad~landscape@2x.png in Resources */ = {isa = PBXBuildFile; fileRef = 4A0FCF4219A2986E0088AE01 /* Default~ipad~landscape@2x.png */; };
		4A0FCF4F19A2986E0088AE01 /* Default~ipad~landscape~nostatusbar.png in Resources */ = {isa = PBXBuildFile; fileRef = 4A0FCF4319A2986E0088AE01 /* Default~ipad~landscape~nostatusbar.png */; };
		4A0FCF5019A2986E0088AE01 /* Default~ipad~landscape~nostatusbar@2x.png in Resources */ = {isa = PBXBuildFile; fileRef = 4A0FCF4419A2986E0088AE01 /* Default~ipad~landscape~nostatusbar@2x.png */; };
		4A0FCF5119A2986E0088AE01 /* Default~ipad~nostatusbar.png in Resources */ = {isa = PBXBuildFile; fileRef = 4A0FCF4519A2986E0088AE01 /* Default~ipad~nostatusbar.png */; };
		4A0FCF5219A2986E0088AE01 /* Default~ipad~nostatusbar@2x.png in Resources */ = {isa = PBXBuildFile; fileRef = 4A0FCF4619A2986E0088AE01 /* Default~ipad~nostatusbar@2x.png */; };
		4A1CAF18196C767E00B367E9 /* Gameplay.m in Sources */ = {isa = PBXBuildFile; fileRef = 4A1CAF17196C767E00B367E9 /* Gameplay.m */; };
		4A1CAF20196C7B9E00B367E9 /* Turtle.m in Sources */ = {isa = PBXBuildFile; fileRef = 4A1CAF1F196C7B9E00B367E9 /* Turtle.m */; };
		4A1CAF29196D891200B367E9 /* Light.m in Sources */ = {isa = PBXBuildFile; fileRef = 4A1CAF28196D891200B367E9 /* Light.m */; };
		4A1CAF2F196D893300B367E9 /* Heavy.m in Sources */ = {isa = PBXBuildFile; fileRef = 4A1CAF2E196D893300B367E9 /* Heavy.m */; };
		4A1CAF32196D895C00B367E9 /* Medium.m in Sources */ = {isa = PBXBuildFile; fileRef = 4A1CAF31196D895C00B367E9 /* Medium.m */; };
		4A1CAF35196D8E9F00B367E9 /* Timer.m in Sources */ = {isa = PBXBuildFile; fileRef = 4A1CAF34196D8E9F00B367E9 /* Timer.m */; };
		4A1CAF38196DB9C100B367E9 /* Obstacle.m in Sources */ = {isa = PBXBuildFile; fileRef = 4A1CAF37196DB9C100B367E9 /* Obstacle.m */; };
		4A1CAF3B196EDDAA00B367E9 /* Sleepy.m in Sources */ = {isa = PBXBuildFile; fileRef = 4A1CAF3A196EDDAA00B367E9 /* Sleepy.m */; };
		4A28BAE81982A0F10094A4C5 /* Pause.m in Sources */ = {isa = PBXBuildFile; fileRef = 4A28BAE71982A0F10094A4C5 /* Pause.m */; };
		4A512866197D85B3005231C8 /* GameData.m in Sources */ = {isa = PBXBuildFile; fileRef = 4A512865197D85B3005231C8 /* GameData.m */; };
		4A51286E19814D01005231C8 /* Select.m in Sources */ = {isa = PBXBuildFile; fileRef = 4A51286D19814D01005231C8 /* Select.m */; };
		4A51287219815C7A005231C8 /* Paused.m in Sources */ = {isa = PBXBuildFile; fileRef = 4A51287119815C7A005231C8 /* Paused.m */; };
		4A5A65C31989256200A1DE7F /* touch.m in Sources */ = {isa = PBXBuildFile; fileRef = 4A5A65C21989256200A1DE7F /* touch.m */; };
		4A75852019785F930046C1D7 /* Directions.m in Sources */ = {isa = PBXBuildFile; fileRef = 4A75851F19785F930046C1D7 /* Directions.m */; };
		4A7C6965199BAA3F00A9F4D8 /* Images.xcassets in Resources */ = {isa = PBXBuildFile; fileRef = 4A7C6964199BAA3F00A9F4D8 /* Images.xcassets */; };
		4A7C6969199C1CE000A9F4D8 /* alarm.wav in Resources */ = {isa = PBXBuildFile; fileRef = 4A7C6968199C1CE000A9F4D8 /* alarm.wav */; };
		4A7C696E199CF3D300A9F4D8 /* Images.xcassets in Resources */ = {isa = PBXBuildFile; fileRef = 4A7C696D199CF3D300A9F4D8 /* Images.xcassets */; };
		4A998377197449E9000FBAFC /* GameEnd.m in Sources */ = {isa = PBXBuildFile; fileRef = 4A998376197449E8000FBAFC /* GameEnd.m */; };
		4AB95EF9198A7FB000431F74 /* pianoBG.wav in Resources */ = {isa = PBXBuildFile; fileRef = 4AB95EF8198A7FB000431F74 /* pianoBG.wav */; };
		4AB95EFD198A858400431F74 /* musicBG.wav in Resources */ = {isa = PBXBuildFile; fileRef = 4AB95EFC198A858400431F74 /* musicBG.wav */; };
		4AD3AC67198741DC00C82D3D /* Opening.m in Sources */ = {isa = PBXBuildFile; fileRef = 4AD3AC66198741DC00C82D3D /* Opening.m */; };
		4AE0CE95198B33610080E6E1 /* gameplayMusic.mp3 in Resources */ = {isa = PBXBuildFile; fileRef = 4AE0CE94198B33610080E6E1 /* gameplayMusic.mp3 */; };
		4AEF0B04199925C900C8FC46 /* libz.dylib in Frameworks */ = {isa = PBXBuildFile; fileRef = 4AEF0B03199925C900C8FC46 /* libz.dylib */; };
		4AEF0B06199925DA00C8FC46 /* MessageUI.framework in Frameworks */ = {isa = PBXBuildFile; fileRef = 4AEF0B05199925DA00C8FC46 /* MessageUI.framework */; };
		4AEF0B08199925E400C8FC46 /* Social.framework in Frameworks */ = {isa = PBXBuildFile; fileRef = 4AEF0B07199925E400C8FC46 /* Social.framework */; settings = {ATTRIBUTES = (Weak, ); }; };
		4AEF0B0A199925F100C8FC46 /* StoreKit.framework in Frameworks */ = {isa = PBXBuildFile; fileRef = 4AEF0B09199925F100C8FC46 /* StoreKit.framework */; };
		4AEF0B0C1999260300C8FC46 /* SystemConfiguration.framework in Frameworks */ = {isa = PBXBuildFile; fileRef = 4AEF0B0B1999260300C8FC46 /* SystemConfiguration.framework */; };
		4AEF0B0E1999263F00C8FC46 /* Twitter.framework in Frameworks */ = {isa = PBXBuildFile; fileRef = 4AEF0B0D1999263F00C8FC46 /* Twitter.framework */; settings = {ATTRIBUTES = (Weak, ); }; };
		4AEF0B571999275A00C8FC46 /* mgwuSDK.framework in Frameworks */ = {isa = PBXBuildFile; fileRef = 4AEF0B101999275900C8FC46 /* mgwuSDK.framework */; };
		4AEF0B581999275A00C8FC46 /* aqua.png in Resources */ = {isa = PBXBuildFile; fileRef = 4AEF0B121999275900C8FC46 /* aqua.png */; };
		4AEF0B591999275A00C8FC46 /* bluechatbubble.png in Resources */ = {isa = PBXBuildFile; fileRef = 4AEF0B131999275900C8FC46 /* bluechatbubble.png */; };
		4AEF0B5A1999275A00C8FC46 /* CrossPromoViewController.nib in Resources */ = {isa = PBXBuildFile; fileRef = 4AEF0B141999275900C8FC46 /* CrossPromoViewController.nib */; };
		4AEF0B5B1999275A00C8FC46 /* FacebookIcon.png in Resources */ = {isa = PBXBuildFile; fileRef = 4AEF0B151999275900C8FC46 /* FacebookIcon.png */; };
		4AEF0B5C1999275A00C8FC46 /* fb_connect.png in Resources */ = {isa = PBXBuildFile; fileRef = 4AEF0B161999275900C8FC46 /* fb_connect.png */; };
		4AEF0B5D1999275A00C8FC46 /* FBLoginButton.png in Resources */ = {isa = PBXBuildFile; fileRef = 4AEF0B171999275900C8FC46 /* FBLoginButton.png */; };
		4AEF0B5E1999275A00C8FC46 /* FBLoginButton@2x.png in Resources */ = {isa = PBXBuildFile; fileRef = 4AEF0B181999275900C8FC46 /* FBLoginButton@2x.png */; };
		4AEF0B5F1999275A00C8FC46 /* FBLoginButtonPressed.png in Resources */ = {isa = PBXBuildFile; fileRef = 4AEF0B191999275900C8FC46 /* FBLoginButtonPressed.png */; };
		4AEF0B601999275A00C8FC46 /* FBLoginButtonPressed@2x.png in Resources */ = {isa = PBXBuildFile; fileRef = 4AEF0B1A1999275900C8FC46 /* FBLoginButtonPressed@2x.png */; };
		4AEF0B611999275A00C8FC46 /* FBNoThanksButton.png in Resources */ = {isa = PBXBuildFile; fileRef = 4AEF0B1B1999275900C8FC46 /* FBNoThanksButton.png */; };
		4AEF0B621999275A00C8FC46 /* FBNoThanksButton@2x.png in Resources */ = {isa = PBXBuildFile; fileRef = 4AEF0B1C1999275900C8FC46 /* FBNoThanksButton@2x.png */; };
		4AEF0B631999275A00C8FC46 /* FBNoThanksButtonPressed.png in Resources */ = {isa = PBXBuildFile; fileRef = 4AEF0B1D1999275900C8FC46 /* FBNoThanksButtonPressed.png */; };
		4AEF0B641999275A00C8FC46 /* FBNoThanksButtonPressed@2x.png in Resources */ = {isa = PBXBuildFile; fileRef = 4AEF0B1E1999275900C8FC46 /* FBNoThanksButtonPressed@2x.png */; };
		4AEF0B651999275A00C8FC46 /* green.png in Resources */ = {isa = PBXBuildFile; fileRef = 4AEF0B1F1999275900C8FC46 /* green.png */; };
		4AEF0B661999275A00C8FC46 /* grey-background.png in Resources */ = {isa = PBXBuildFile; fileRef = 4AEF0B201999275900C8FC46 /* grey-background.png */; };
		4AEF0B671999275A00C8FC46 /* hipmob.back.btn.png in Resources */ = {isa = PBXBuildFile; fileRef = 4AEF0B211999275900C8FC46 /* hipmob.back.btn.png */; };
		4AEF0B681999275A00C8FC46 /* hipmob.send.png in Resources */ = {isa = PBXBuildFile; fileRef = 4AEF0B221999275900C8FC46 /* hipmob.send.png */; };
		4AEF0B691999275A00C8FC46 /* hipmobsend_field.png in Resources */ = {isa = PBXBuildFile; fileRef = 4AEF0B231999275900C8FC46 /* hipmobsend_field.png */; };
		4AEF0B6A1999275A00C8FC46 /* hipmobsend_field@2x.png in Resources */ = {isa = PBXBuildFile; fileRef = 4AEF0B241999275900C8FC46 /* hipmobsend_field@2x.png */; };
		4AEF0B6B1999275A00C8FC46 /* mgwu-gk-notification.png in Resources */ = {isa = PBXBuildFile; fileRef = 4AEF0B251999275900C8FC46 /* mgwu-gk-notification.png */; };
		4AEF0B6C1999275A00C8FC46 /* mgwu-gk-notification@2x.png in Resources */ = {isa = PBXBuildFile; fileRef = 4AEF0B261999275900C8FC46 /* mgwu-gk-notification@2x.png */; };
		4AEF0B6D1999275A00C8FC46 /* mgwu-m.png in Resources */ = {isa = PBXBuildFile; fileRef = 4AEF0B271999275900C8FC46 /* mgwu-m.png */; };
		4AEF0B6E1999275A00C8FC46 /* mgwu-m@2x.png in Resources */ = {isa = PBXBuildFile; fileRef = 4AEF0B281999275900C8FC46 /* mgwu-m@2x.png */; };
		4AEF0B6F1999275A00C8FC46 /* MGWUAboutFooter-Landscape-568h@2x~iphone.png in Resources */ = {isa = PBXBuildFile; fileRef = 4AEF0B291999275900C8FC46 /* MGWUAboutFooter-Landscape-568h@2x~iphone.png */; };
		4AEF0B701999275A00C8FC46 /* MGWUAboutFooter-Landscape@2x~ipad.png in Resources */ = {isa = PBXBuildFile; fileRef = 4AEF0B2A1999275900C8FC46 /* MGWUAboutFooter-Landscape@2x~ipad.png */; };
		4AEF0B711999275A00C8FC46 /* MGWUAboutFooter-Landscape@2x~iphone.png in Resources */ = {isa = PBXBuildFile; fileRef = 4AEF0B2B1999275900C8FC46 /* MGWUAboutFooter-Landscape@2x~iphone.png */; };
		4AEF0B721999275A00C8FC46 /* MGWUAboutFooter-Landscape~ipad.png in Resources */ = {isa = PBXBuildFile; fileRef = 4AEF0B2C1999275900C8FC46 /* MGWUAboutFooter-Landscape~ipad.png */; };
		4AEF0B731999275A00C8FC46 /* MGWUAboutFooter-Landscape~iphone.png in Resources */ = {isa = PBXBuildFile; fileRef = 4AEF0B2D1999275900C8FC46 /* MGWUAboutFooter-Landscape~iphone.png */; };
		4AEF0B741999275A00C8FC46 /* MGWUAboutFooter-Portrait@2x~ipad.png in Resources */ = {isa = PBXBuildFile; fileRef = 4AEF0B2E1999275900C8FC46 /* MGWUAboutFooter-Portrait@2x~ipad.png */; };
		4AEF0B751999275A00C8FC46 /* MGWUAboutFooter-Portrait@2x~iphone.png in Resources */ = {isa = PBXBuildFile; fileRef = 4AEF0B2F1999275900C8FC46 /* MGWUAboutFooter-Portrait@2x~iphone.png */; };
		4AEF0B761999275A00C8FC46 /* MGWUAboutFooter-Portrait~ipad.png in Resources */ = {isa = PBXBuildFile; fileRef = 4AEF0B301999275900C8FC46 /* MGWUAboutFooter-Portrait~ipad.png */; };
		4AEF0B771999275A00C8FC46 /* MGWUAboutFooter-Portrait~iphone.png in Resources */ = {isa = PBXBuildFile; fileRef = 4AEF0B311999275900C8FC46 /* MGWUAboutFooter-Portrait~iphone.png */; };
		4AEF0B781999275A00C8FC46 /* MGWUBackground-Landscape@2x~ipad.png in Resources */ = {isa = PBXBuildFile; fileRef = 4AEF0B321999275900C8FC46 /* MGWUBackground-Landscape@2x~ipad.png */; };
		4AEF0B791999275A00C8FC46 /* MGWUBackground-Landscape@2x~iphone.png in Resources */ = {isa = PBXBuildFile; fileRef = 4AEF0B331999275900C8FC46 /* MGWUBackground-Landscape@2x~iphone.png */; };
		4AEF0B7A1999275A00C8FC46 /* MGWUBackground-Landscape~ipad.png in Resources */ = {isa = PBXBuildFile; fileRef = 4AEF0B341999275900C8FC46 /* MGWUBackground-Landscape~ipad.png */; };
		4AEF0B7B1999275A00C8FC46 /* MGWUBackground-Landscape~iphone.png in Resources */ = {isa = PBXBuildFile; fileRef = 4AEF0B351999275900C8FC46 /* MGWUBackground-Landscape~iphone.png */; };
		4AEF0B7C1999275A00C8FC46 /* MGWUBackground-Portrait@2x~ipad.png in Resources */ = {isa = PBXBuildFile; fileRef = 4AEF0B361999275900C8FC46 /* MGWUBackground-Portrait@2x~ipad.png */; };
		4AEF0B7D1999275A00C8FC46 /* MGWUBackground-Portrait@2x~iphone.png in Resources */ = {isa = PBXBuildFile; fileRef = 4AEF0B371999275900C8FC46 /* MGWUBackground-Portrait@2x~iphone.png */; };
		4AEF0B7E1999275A00C8FC46 /* MGWUBackground-Portrait~ipad.png in Resources */ = {isa = PBXBuildFile; fileRef = 4AEF0B381999275900C8FC46 /* MGWUBackground-Portrait~ipad.png */; };
		4AEF0B7F1999275A00C8FC46 /* MGWUBackground-Portrait~iphone.png in Resources */ = {isa = PBXBuildFile; fileRef = 4AEF0B391999275900C8FC46 /* MGWUBackground-Portrait~iphone.png */; };
		4AEF0B801999275A00C8FC46 /* MGWUBackgroundDark-Landscape@2x~ipad.png in Resources */ = {isa = PBXBuildFile; fileRef = 4AEF0B3A1999275900C8FC46 /* MGWUBackgroundDark-Landscape@2x~ipad.png */; };
		4AEF0B811999275A00C8FC46 /* MGWUBackgroundDark-Landscape@2x~iphone.png in Resources */ = {isa = PBXBuildFile; fileRef = 4AEF0B3B1999275900C8FC46 /* MGWUBackgroundDark-Landscape@2x~iphone.png */; };
		4AEF0B821999275A00C8FC46 /* MGWUBackgroundDark-Landscape~ipad.png in Resources */ = {isa = PBXBuildFile; fileRef = 4AEF0B3C1999275900C8FC46 /* MGWUBackgroundDark-Landscape~ipad.png */; };
		4AEF0B831999275A00C8FC46 /* MGWUBackgroundDark-Landscape~iphone.png in Resources */ = {isa = PBXBuildFile; fileRef = 4AEF0B3D1999275900C8FC46 /* MGWUBackgroundDark-Landscape~iphone.png */; };
		4AEF0B841999275A00C8FC46 /* MGWUBackgroundDark-Portrait@2x~ipad.png in Resources */ = {isa = PBXBuildFile; fileRef = 4AEF0B3E1999275900C8FC46 /* MGWUBackgroundDark-Portrait@2x~ipad.png */; };
		4AEF0B851999275A00C8FC46 /* MGWUBackgroundDark-Portrait@2x~iphone.png in Resources */ = {isa = PBXBuildFile; fileRef = 4AEF0B3F1999275900C8FC46 /* MGWUBackgroundDark-Portrait@2x~iphone.png */; };
		4AEF0B861999275A00C8FC46 /* MGWUBackgroundDark-Portrait~ipad.png in Resources */ = {isa = PBXBuildFile; fileRef = 4AEF0B401999275900C8FC46 /* MGWUBackgroundDark-Portrait~ipad.png */; };
		4AEF0B871999275A00C8FC46 /* MGWUBackgroundDark-Portrait~iphone.png in Resources */ = {isa = PBXBuildFile; fileRef = 4AEF0B411999275900C8FC46 /* MGWUBackgroundDark-Portrait~iphone.png */; };
		4AEF0B881999275A00C8FC46 /* MGWUClose.png in Resources */ = {isa = PBXBuildFile; fileRef = 4AEF0B421999275900C8FC46 /* MGWUClose.png */; };
		4AEF0B891999275A00C8FC46 /* MGWUClose@2x.png in Resources */ = {isa = PBXBuildFile; fileRef = 4AEF0B431999275900C8FC46 /* MGWUClose@2x.png */; };
		4AEF0B8A1999275A00C8FC46 /* MGWUFacebookLoginLandscape.nib in Resources */ = {isa = PBXBuildFile; fileRef = 4AEF0B441999275900C8FC46 /* MGWUFacebookLoginLandscape.nib */; };
		4AEF0B8B1999275A00C8FC46 /* MGWUFacebookLoginLandscapeDark.nib in Resources */ = {isa = PBXBuildFile; fileRef = 4AEF0B451999275900C8FC46 /* MGWUFacebookLoginLandscapeDark.nib */; };
		4AEF0B8C1999275A00C8FC46 /* MGWUFacebookLoginPortrait.nib in Resources */ = {isa = PBXBuildFile; fileRef = 4AEF0B461999275900C8FC46 /* MGWUFacebookLoginPortrait.nib */; };
		4AEF0B8D1999275A00C8FC46 /* MGWUFacebookLoginPortraitDark.nib in Resources */ = {isa = PBXBuildFile; fileRef = 4AEF0B471999275900C8FC46 /* MGWUFacebookLoginPortraitDark.nib */; };
		4AEF0B8E1999275A00C8FC46 /* mgwuLogo.png in Resources */ = {isa = PBXBuildFile; fileRef = 4AEF0B481999275A00C8FC46 /* mgwuLogo.png */; };
		4AEF0B8F1999275A00C8FC46 /* mgwuLogo@2x.png in Resources */ = {isa = PBXBuildFile; fileRef = 4AEF0B491999275A00C8FC46 /* mgwuLogo@2x.png */; };
		4AEF0B901999275A00C8FC46 /* mgwuLogoDark.png in Resources */ = {isa = PBXBuildFile; fileRef = 4AEF0B4A1999275A00C8FC46 /* mgwuLogoDark.png */; };
		4AEF0B911999275A00C8FC46 /* mgwuLogoDark@2x.png in Resources */ = {isa = PBXBuildFile; fileRef = 4AEF0B4B1999275A00C8FC46 /* mgwuLogoDark@2x.png */; };
		4AEF0B921999275A00C8FC46 /* mgwuPlaceholderIcon.png in Resources */ = {isa = PBXBuildFile; fileRef = 4AEF0B4C1999275A00C8FC46 /* mgwuPlaceholderIcon.png */; };
		4AEF0B931999275A00C8FC46 /* mgwuPlaceholderIcon@2x.png in Resources */ = {isa = PBXBuildFile; fileRef = 4AEF0B4D1999275A00C8FC46 /* mgwuPlaceholderIcon@2x.png */; };
		4AEF0B941999275A00C8FC46 /* mgwuPlaceholderIconDark.png in Resources */ = {isa = PBXBuildFile; fileRef = 4AEF0B4E1999275A00C8FC46 /* mgwuPlaceholderIconDark.png */; };
		4AEF0B951999275A00C8FC46 /* mgwuPlaceholderIconDark@2x.png in Resources */ = {isa = PBXBuildFile; fileRef = 4AEF0B4F1999275A00C8FC46 /* mgwuPlaceholderIconDark@2x.png */; };
		4AEF0B961999275A00C8FC46 /* operator.available.png in Resources */ = {isa = PBXBuildFile; fileRef = 4AEF0B501999275A00C8FC46 /* operator.available.png */; };
		4AEF0B971999275A00C8FC46 /* operator.connecting.png in Resources */ = {isa = PBXBuildFile; fileRef = 4AEF0B511999275A00C8FC46 /* operator.connecting.png */; };
		4AEF0B981999275A00C8FC46 /* operator.unavailable.png in Resources */ = {isa = PBXBuildFile; fileRef = 4AEF0B521999275A00C8FC46 /* operator.unavailable.png */; };
		4AEF0B991999275A00C8FC46 /* send-button-active.png in Resources */ = {isa = PBXBuildFile; fileRef = 4AEF0B531999275A00C8FC46 /* send-button-active.png */; };
		4AEF0B9A1999275A00C8FC46 /* send-button-inactive.png in Resources */ = {isa = PBXBuildFile; fileRef = 4AEF0B541999275A00C8FC46 /* send-button-inactive.png */; };
		4AEF0B9B1999275A00C8FC46 /* send-button-instate.png in Resources */ = {isa = PBXBuildFile; fileRef = 4AEF0B551999275A00C8FC46 /* send-button-instate.png */; };
		4AEF0B9C1999275A00C8FC46 /* send-field-landscape.png in Resources */ = {isa = PBXBuildFile; fileRef = 4AEF0B561999275A00C8FC46 /* send-field-landscape.png */; };
		4AEF0B9F1999336B00C8FC46 /* Diver.m in Sources */ = {isa = PBXBuildFile; fileRef = 4AEF0B9E1999336B00C8FC46 /* Diver.m */; };
		4AEFDA411975939E0031E959 /* Win.m in Sources */ = {isa = PBXBuildFile; fileRef = 4AEFDA401975939E0031E959 /* Win.m */; };
		4AEFDA491976C3090031E959 /* CCPhysicsTouchNode.m in Sources */ = {isa = PBXBuildFile; fileRef = 4AEFDA481976C3090031E959 /* CCPhysicsTouchNode.m */; };
		4AEFDA4C1976ECCC0031E959 /* Parachute.m in Sources */ = {isa = PBXBuildFile; fileRef = 4AEFDA4B1976ECCC0031E959 /* Parachute.m */; };
		4AF30B4D199A4BB600C369FD /* HighScore.m in Sources */ = {isa = PBXBuildFile; fileRef = 4AF30B4C199A4BB600C369FD /* HighScore.m */; };
		4AFA1F9219912D4A00806975 /* ViewController.m in Sources */ = {isa = PBXBuildFile; fileRef = 4AFA1F9119912D4A00806975 /* ViewController.m */; };
		4AFA1F951993124000806975 /* victory.wav in Resources */ = {isa = PBXBuildFile; fileRef = 4AFA1F941993124000806975 /* victory.wav */; };
		4AFA1F971993125500806975 /* win.wav in Resources */ = {isa = PBXBuildFile; fileRef = 4AFA1F961993125500806975 /* win.wav */; };
		4AFA1F991993126200806975 /* winmelody.wav in Resources */ = {isa = PBXBuildFile; fileRef = 4AFA1F981993126200806975 /* winmelody.wav */; };
		4AFA1FAA199523F000806975 /* dyingSleepy.mp3 in Resources */ = {isa = PBXBuildFile; fileRef = 4AFA1FA9199523F000806975 /* dyingSleepy.mp3 */; };
		4AFA1FAC1995592D00806975 /* explosions.mp3 in Resources */ = {isa = PBXBuildFile; fileRef = 4AFA1FAB1995592D00806975 /* explosions.mp3 */; };
		4AFA1FAE19955A3D00806975 /* explode.mp3 in Resources */ = {isa = PBXBuildFile; fileRef = 4AFA1FAD19955A3C00806975 /* explode.mp3 */; };
		4AFA1FB019955AEF00806975 /* redAlert.mp3 in Resources */ = {isa = PBXBuildFile; fileRef = 4AFA1FAF19955AEF00806975 /* redAlert.mp3 */; };
		4AFA1FB219955E2D00806975 /* grunt.mp3 in Resources */ = {isa = PBXBuildFile; fileRef = 4AFA1FB119955E2D00806975 /* grunt.mp3 */; };
		4AFA1FB419955FF200806975 /* press.wav in Resources */ = {isa = PBXBuildFile; fileRef = 4AFA1FB319955FF200806975 /* press.wav */; };
		4AFA1FB6199577D300806975 /* explode.wav in Resources */ = {isa = PBXBuildFile; fileRef = 4AFA1FB5199577D300806975 /* explode.wav */; };
		4AFA1FB8199578E200806975 /* quieterExplosion.wav in Resources */ = {isa = PBXBuildFile; fileRef = 4AFA1FB7199578E200806975 /* quieterExplosion.wav */; };
		4AFA1FBA19957A6300806975 /* screamer.wav in Resources */ = {isa = PBXBuildFile; fileRef = 4AFA1FB919957A6300806975 /* screamer.wav */; };
		4AFA1FBC19957BEE00806975 /* die.wav in Resources */ = {isa = PBXBuildFile; fileRef = 4AFA1FBB19957BEE00806975 /* die.wav */; };
		4AFA1FBE19958C0700806975 /* grunting.wav in Resources */ = {isa = PBXBuildFile; fileRef = 4AFA1FBD19958C0700806975 /* grunting.wav */; };
		4AFA1FC019958E7100806975 /* flick.wav in Resources */ = {isa = PBXBuildFile; fileRef = 4AFA1FBF19958E7100806975 /* flick.wav */; };
		4AFA1FC21996CBCD00806975 /* terror.wav in Resources */ = {isa = PBXBuildFile; fileRef = 4AFA1FC11996CBCD00806975 /* terror.wav */; };
		8392007A18EE8E3300B6C429 /* GLKit.framework in Frameworks */ = {isa = PBXBuildFile; fileRef = 8392007918EE8E3300B6C429 /* GLKit.framework */; };
		B737893B180761570076A88C /* Published-iOS in Resources */ = {isa = PBXBuildFile; fileRef = B737893A180761570076A88C /* Published-iOS */; };
		B737893F1807617C0076A88C /* AppDelegate.m in Sources */ = {isa = PBXBuildFile; fileRef = B737893E1807617C0076A88C /* AppDelegate.m */; };
		B73789871807631A0076A88C /* main.m in Sources */ = {isa = PBXBuildFile; fileRef = B73789851807631A0076A88C /* main.m */; };
		B737898A1807642B0076A88C /* libcocos2d.a in Frameworks */ = {isa = PBXBuildFile; fileRef = B737894B180761A90076A88C /* libcocos2d.a */; };
		B7378994180767190076A88C /* MainScene.m in Sources */ = {isa = PBXBuildFile; fileRef = B7378993180767190076A88C /* MainScene.m */; };
		B77F1B3217B978D7009739AE /* QuartzCore.framework in Frameworks */ = {isa = PBXBuildFile; fileRef = B77F1B3117B978D7009739AE /* QuartzCore.framework */; };
		B77F1B3417B978D7009739AE /* OpenGLES.framework in Frameworks */ = {isa = PBXBuildFile; fileRef = B77F1B3317B978D7009739AE /* OpenGLES.framework */; };
		B77F1B3617B978D7009739AE /* OpenAL.framework in Frameworks */ = {isa = PBXBuildFile; fileRef = B77F1B3517B978D7009739AE /* OpenAL.framework */; };
		B77F1B3817B978D7009739AE /* AudioToolbox.framework in Frameworks */ = {isa = PBXBuildFile; fileRef = B77F1B3717B978D7009739AE /* AudioToolbox.framework */; };
		B77F1B3A17B978D7009739AE /* AVFoundation.framework in Frameworks */ = {isa = PBXBuildFile; fileRef = B77F1B3917B978D7009739AE /* AVFoundation.framework */; };
		B77F1B3C17B978D7009739AE /* UIKit.framework in Frameworks */ = {isa = PBXBuildFile; fileRef = B77F1B3B17B978D7009739AE /* UIKit.framework */; };
		B77F1B3E17B978D7009739AE /* Foundation.framework in Frameworks */ = {isa = PBXBuildFile; fileRef = B77F1B3D17B978D7009739AE /* Foundation.framework */; };
		B77F1B4017B978D7009739AE /* CoreGraphics.framework in Frameworks */ = {isa = PBXBuildFile; fileRef = B77F1B3F17B978D7009739AE /* CoreGraphics.framework */; };
		B77F1B4217B978D7009739AE /* CoreText.framework in Frameworks */ = {isa = PBXBuildFile; fileRef = B77F1B4117B978D7009739AE /* CoreText.framework */; };
/* End PBXBuildFile section */

/* Begin PBXContainerItemProxy section */
		B737894A180761A90076A88C /* PBXContainerItemProxy */ = {
			isa = PBXContainerItemProxy;
			containerPortal = B7378940180761A80076A88C /* cocos2d-ios.xcodeproj */;
			proxyType = 2;
			remoteGlobalIDString = 5018F24D0DFDEAC400C013A5;
			remoteInfo = cocos2d;
		};
		B7378988180764180076A88C /* PBXContainerItemProxy */ = {
			isa = PBXContainerItemProxy;
			containerPortal = B7378940180761A80076A88C /* cocos2d-ios.xcodeproj */;
			proxyType = 1;
			remoteGlobalIDString = 5018F24C0DFDEAC400C013A5;
			remoteInfo = cocos2d;
		};
/* End PBXContainerItemProxy section */

/* Begin PBXFileReference section */
		4A09F14A198C080E00C83601 /* OldGame.h */ = {isa = PBXFileReference; fileEncoding = 4; lastKnownFileType = sourcecode.c.h; name = OldGame.h; path = Source/OldGame.h; sourceTree = "<group>"; };
		4A09F14B198C080E00C83601 /* OldGame.m */ = {isa = PBXFileReference; fileEncoding = 4; lastKnownFileType = sourcecode.c.objc; name = OldGame.m; path = Source/OldGame.m; sourceTree = "<group>"; };
		4A09F15A198FE08300C83601 /* Scroll.h */ = {isa = PBXFileReference; fileEncoding = 4; lastKnownFileType = sourcecode.c.h; path = Scroll.h; sourceTree = "<group>"; };
		4A09F15B198FE08300C83601 /* Scroll.m */ = {isa = PBXFileReference; fileEncoding = 4; lastKnownFileType = sourcecode.c.objc; path = Scroll.m; sourceTree = "<group>"; };
		4A0FCF0A199D543F0088AE01 /* AppIcon16x16 copy.png */ = {isa = PBXFileReference; lastKnownFileType = image.png; path = "AppIcon16x16 copy.png"; sourceTree = "<group>"; };
		4A0FCF0B199D543F0088AE01 /* AppIcon29x29.png */ = {isa = PBXFileReference; lastKnownFileType = image.png; path = AppIcon29x29.png; sourceTree = "<group>"; };
		4A0FCF0C199D543F0088AE01 /* AppIcon29x29@2x.png */ = {isa = PBXFileReference; lastKnownFileType = image.png; path = "AppIcon29x29@2x.png"; sourceTree = "<group>"; };
		4A0FCF0D199D543F0088AE01 /* AppIcon40x40.png */ = {isa = PBXFileReference; lastKnownFileType = image.png; path = AppIcon40x40.png; sourceTree = "<group>"; };
		4A0FCF0E199D543F0088AE01 /* AppIcon40x40@2x.png */ = {isa = PBXFileReference; lastKnownFileType = image.png; path = "AppIcon40x40@2x.png"; sourceTree = "<group>"; };
		4A0FCF0F199D543F0088AE01 /* AppIcon50x50.png */ = {isa = PBXFileReference; lastKnownFileType = image.png; path = AppIcon50x50.png; sourceTree = "<group>"; };
		4A0FCF10199D543F0088AE01 /* AppIcon50x50@2x.png */ = {isa = PBXFileReference; lastKnownFileType = image.png; path = "AppIcon50x50@2x.png"; sourceTree = "<group>"; };
		4A0FCF11199D543F0088AE01 /* AppIcon57x57.png */ = {isa = PBXFileReference; lastKnownFileType = image.png; path = AppIcon57x57.png; sourceTree = "<group>"; };
		4A0FCF12199D543F0088AE01 /* AppIcon57x57@2x.png */ = {isa = PBXFileReference; lastKnownFileType = image.png; path = "AppIcon57x57@2x.png"; sourceTree = "<group>"; };
		4A0FCF13199D543F0088AE01 /* AppIcon60x60.png */ = {isa = PBXFileReference; lastKnownFileType = image.png; path = AppIcon60x60.png; sourceTree = "<group>"; };
		4A0FCF14199D543F0088AE01 /* AppIcon60x60@2x.png */ = {isa = PBXFileReference; lastKnownFileType = image.png; path = "AppIcon60x60@2x.png"; sourceTree = "<group>"; };
		4A0FCF15199D543F0088AE01 /* AppIcon72x72.png */ = {isa = PBXFileReference; lastKnownFileType = image.png; path = AppIcon72x72.png; sourceTree = "<group>"; };
		4A0FCF16199D543F0088AE01 /* AppIcon72x72@2x.png */ = {isa = PBXFileReference; lastKnownFileType = image.png; path = "AppIcon72x72@2x.png"; sourceTree = "<group>"; };
		4A0FCF17199D543F0088AE01 /* AppIcon76x76.png */ = {isa = PBXFileReference; lastKnownFileType = image.png; path = AppIcon76x76.png; sourceTree = "<group>"; };
		4A0FCF18199D543F0088AE01 /* AppIcon76x76@2x.png */ = {isa = PBXFileReference; lastKnownFileType = image.png; path = "AppIcon76x76@2x.png"; sourceTree = "<group>"; };
		4A0FCF19199D543F0088AE01 /* iTunesArtwork.png */ = {isa = PBXFileReference; lastKnownFileType = image.png; path = iTunesArtwork.png; sourceTree = "<group>"; };
		4A0FCF1A199D543F0088AE01 /* iTunesArtwork@2x.png */ = {isa = PBXFileReference; lastKnownFileType = image.png; path = "iTunesArtwork@2x.png"; sourceTree = "<group>"; };
		4A0FCF2E199D891B0088AE01 /* Ness.h */ = {isa = PBXFileReference; fileEncoding = 4; lastKnownFileType = sourcecode.c.h; path = Ness.h; sourceTree = SOURCE_ROOT; };
		4A0FCF2F199D891B0088AE01 /* Ness.m */ = {isa = PBXFileReference; fileEncoding = 4; lastKnownFileType = sourcecode.c.objc; path = Ness.m; sourceTree = SOURCE_ROOT; };
		4A0FCF3B19A2986E0088AE01 /* Contents.json */ = {isa = PBXFileReference; fileEncoding = 4; lastKnownFileType = text.json; path = Contents.json; sourceTree = "<group>"; };
		4A0FCF3C19A2986E0088AE01 /* Default-568h@2x.png */ = {isa = PBXFileReference; lastKnownFileType = image.png; path = "Default-568h@2x.png"; sourceTree = "<group>"; };
		4A0FCF3D19A2986E0088AE01 /* Default.png */ = {isa = PBXFileReference; lastKnownFileType = image.png; path = Default.png; sourceTree = "<group>"; };
		4A0FCF3E19A2986E0088AE01 /* Default@2x.png */ = {isa = PBXFileReference; lastKnownFileType = image.png; path = "Default@2x.png"; sourceTree = "<group>"; };
		4A0FCF3F19A2986E0088AE01 /* Default~ipad.png */ = {isa = PBXFileReference; lastKnownFileType = image.png; path = "Default~ipad.png"; sourceTree = "<group>"; };
		4A0FCF4019A2986E0088AE01 /* Default~ipad@2x.png */ = {isa = PBXFileReference; lastKnownFileType = image.png; path = "Default~ipad@2x.png"; sourceTree = "<group>"; };
		4A0FCF4119A2986E0088AE01 /* Default~ipad~landscape.png */ = {isa = PBXFileReference; lastKnownFileType = image.png; path = "Default~ipad~landscape.png"; sourceTree = "<group>"; };
		4A0FCF4219A2986E0088AE01 /* Default~ipad~landscape@2x.png */ = {isa = PBXFileReference; lastKnownFileType = image.png; path = "Default~ipad~landscape@2x.png"; sourceTree = "<group>"; };
		4A0FCF4319A2986E0088AE01 /* Default~ipad~landscape~nostatusbar.png */ = {isa = PBXFileReference; lastKnownFileType = image.png; path = "Default~ipad~landscape~nostatusbar.png"; sourceTree = "<group>"; };
		4A0FCF4419A2986E0088AE01 /* Default~ipad~landscape~nostatusbar@2x.png */ = {isa = PBXFileReference; lastKnownFileType = image.png; path = "Default~ipad~landscape~nostatusbar@2x.png"; sourceTree = "<group>"; };
		4A0FCF4519A2986E0088AE01 /* Default~ipad~nostatusbar.png */ = {isa = PBXFileReference; lastKnownFileType = image.png; path = "Default~ipad~nostatusbar.png"; sourceTree = "<group>"; };
		4A0FCF4619A2986E0088AE01 /* Default~ipad~nostatusbar@2x.png */ = {isa = PBXFileReference; lastKnownFileType = image.png; path = "Default~ipad~nostatusbar@2x.png"; sourceTree = "<group>"; };
		4A1CAF16196C767E00B367E9 /* Gameplay.h */ = {isa = PBXFileReference; fileEncoding = 4; lastKnownFileType = sourcecode.c.h; name = Gameplay.h; path = Source/Gameplay.h; sourceTree = "<group>"; };
		4A1CAF17196C767E00B367E9 /* Gameplay.m */ = {isa = PBXFileReference; fileEncoding = 4; lastKnownFileType = sourcecode.c.objc; name = Gameplay.m; path = Source/Gameplay.m; sourceTree = "<group>"; };
		4A1CAF1E196C7B9E00B367E9 /* Turtle.h */ = {isa = PBXFileReference; fileEncoding = 4; lastKnownFileType = sourcecode.c.h; name = Turtle.h; path = Source/Turtle.h; sourceTree = "<group>"; };
		4A1CAF1F196C7B9E00B367E9 /* Turtle.m */ = {isa = PBXFileReference; fileEncoding = 4; lastKnownFileType = sourcecode.c.objc; name = Turtle.m; path = Source/Turtle.m; sourceTree = "<group>"; };
		4A1CAF27196D891100B367E9 /* Light.h */ = {isa = PBXFileReference; fileEncoding = 4; lastKnownFileType = sourcecode.c.h; name = Light.h; path = Source/Light.h; sourceTree = "<group>"; };
		4A1CAF28196D891200B367E9 /* Light.m */ = {isa = PBXFileReference; fileEncoding = 4; lastKnownFileType = sourcecode.c.objc; name = Light.m; path = Source/Light.m; sourceTree = "<group>"; };
		4A1CAF2D196D893300B367E9 /* Heavy.h */ = {isa = PBXFileReference; fileEncoding = 4; lastKnownFileType = sourcecode.c.h; name = Heavy.h; path = Source/Heavy.h; sourceTree = "<group>"; };
		4A1CAF2E196D893300B367E9 /* Heavy.m */ = {isa = PBXFileReference; fileEncoding = 4; lastKnownFileType = sourcecode.c.objc; name = Heavy.m; path = Source/Heavy.m; sourceTree = "<group>"; };
		4A1CAF30196D895C00B367E9 /* Medium.h */ = {isa = PBXFileReference; fileEncoding = 4; lastKnownFileType = sourcecode.c.h; name = Medium.h; path = Source/Medium.h; sourceTree = "<group>"; };
		4A1CAF31196D895C00B367E9 /* Medium.m */ = {isa = PBXFileReference; fileEncoding = 4; lastKnownFileType = sourcecode.c.objc; name = Medium.m; path = Source/Medium.m; sourceTree = "<group>"; };
		4A1CAF33196D8E9F00B367E9 /* Timer.h */ = {isa = PBXFileReference; fileEncoding = 4; lastKnownFileType = sourcecode.c.h; name = Timer.h; path = Source/Timer.h; sourceTree = "<group>"; };
		4A1CAF34196D8E9F00B367E9 /* Timer.m */ = {isa = PBXFileReference; fileEncoding = 4; lastKnownFileType = sourcecode.c.objc; name = Timer.m; path = Source/Timer.m; sourceTree = "<group>"; };
		4A1CAF36196DB9C100B367E9 /* Obstacle.h */ = {isa = PBXFileReference; fileEncoding = 4; lastKnownFileType = sourcecode.c.h; name = Obstacle.h; path = Source/Obstacle.h; sourceTree = "<group>"; };
		4A1CAF37196DB9C100B367E9 /* Obstacle.m */ = {isa = PBXFileReference; fileEncoding = 4; lastKnownFileType = sourcecode.c.objc; name = Obstacle.m; path = Source/Obstacle.m; sourceTree = "<group>"; };
		4A1CAF39196EDDAA00B367E9 /* Sleepy.h */ = {isa = PBXFileReference; fileEncoding = 4; lastKnownFileType = sourcecode.c.h; name = Sleepy.h; path = Source/Sleepy.h; sourceTree = "<group>"; };
		4A1CAF3A196EDDAA00B367E9 /* Sleepy.m */ = {isa = PBXFileReference; fileEncoding = 4; lastKnownFileType = sourcecode.c.objc; name = Sleepy.m; path = Source/Sleepy.m; sourceTree = "<group>"; };
		4A28BAE61982A0F10094A4C5 /* Pause.h */ = {isa = PBXFileReference; fileEncoding = 4; lastKnownFileType = sourcecode.c.h; name = Pause.h; path = Source/Pause.h; sourceTree = "<group>"; };
		4A28BAE71982A0F10094A4C5 /* Pause.m */ = {isa = PBXFileReference; fileEncoding = 4; lastKnownFileType = sourcecode.c.objc; name = Pause.m; path = Source/Pause.m; sourceTree = "<group>"; };
		4A512864197D85B3005231C8 /* GameData.h */ = {isa = PBXFileReference; fileEncoding = 4; lastKnownFileType = sourcecode.c.h; name = GameData.h; path = Source/GameData.h; sourceTree = "<group>"; };
		4A512865197D85B3005231C8 /* GameData.m */ = {isa = PBXFileReference; fileEncoding = 4; lastKnownFileType = sourcecode.c.objc; name = GameData.m; path = Source/GameData.m; sourceTree = "<group>"; };
		4A51286C19814D01005231C8 /* Select.h */ = {isa = PBXFileReference; fileEncoding = 4; lastKnownFileType = sourcecode.c.h; name = Select.h; path = Source/Select.h; sourceTree = "<group>"; };
		4A51286D19814D01005231C8 /* Select.m */ = {isa = PBXFileReference; fileEncoding = 4; lastKnownFileType = sourcecode.c.objc; name = Select.m; path = Source/Select.m; sourceTree = "<group>"; };
		4A51287019815C7A005231C8 /* Paused.h */ = {isa = PBXFileReference; fileEncoding = 4; lastKnownFileType = sourcecode.c.h; name = Paused.h; path = Source/Paused.h; sourceTree = "<group>"; };
		4A51287119815C7A005231C8 /* Paused.m */ = {isa = PBXFileReference; fileEncoding = 4; lastKnownFileType = sourcecode.c.objc; name = Paused.m; path = Source/Paused.m; sourceTree = "<group>"; };
		4A5A65C11989256200A1DE7F /* touch.h */ = {isa = PBXFileReference; fileEncoding = 4; lastKnownFileType = sourcecode.c.h; name = touch.h; path = Source/touch.h; sourceTree = "<group>"; };
		4A5A65C21989256200A1DE7F /* touch.m */ = {isa = PBXFileReference; fileEncoding = 4; lastKnownFileType = sourcecode.c.objc; name = touch.m; path = Source/touch.m; sourceTree = "<group>"; };
		4A75851E19785F930046C1D7 /* Directions.h */ = {isa = PBXFileReference; fileEncoding = 4; lastKnownFileType = sourcecode.c.h; name = Directions.h; path = Source/Directions.h; sourceTree = "<group>"; };
		4A75851F19785F930046C1D7 /* Directions.m */ = {isa = PBXFileReference; fileEncoding = 4; lastKnownFileType = sourcecode.c.objc; name = Directions.m; path = Source/Directions.m; sourceTree = "<group>"; };
		4A7C6964199BAA3F00A9F4D8 /* Images.xcassets */ = {isa = PBXFileReference; lastKnownFileType = folder.assetcatalog; name = Images.xcassets; path = melaniehsu/Images.xcassets; sourceTree = SOURCE_ROOT; };
		4A7C6968199C1CE000A9F4D8 /* alarm.wav */ = {isa = PBXFileReference; lastKnownFileType = audio.wav; path = alarm.wav; sourceTree = "<group>"; };
		4A7C696D199CF3D300A9F4D8 /* Images.xcassets */ = {isa = PBXFileReference; lastKnownFileType = folder.assetcatalog; name = Images.xcassets; path = "Sleepy Head/Images.xcassets"; sourceTree = SOURCE_ROOT; };
		4A998375197449E8000FBAFC /* GameEnd.h */ = {isa = PBXFileReference; fileEncoding = 4; lastKnownFileType = sourcecode.c.h; name = GameEnd.h; path = Source/GameEnd.h; sourceTree = "<group>"; };
		4A998376197449E8000FBAFC /* GameEnd.m */ = {isa = PBXFileReference; fileEncoding = 4; lastKnownFileType = sourcecode.c.objc; name = GameEnd.m; path = Source/GameEnd.m; sourceTree = "<group>"; };
		4AB95EF8198A7FB000431F74 /* pianoBG.wav */ = {isa = PBXFileReference; lastKnownFileType = audio.wav; path = pianoBG.wav; sourceTree = "<group>"; };
		4AB95EFC198A858400431F74 /* musicBG.wav */ = {isa = PBXFileReference; lastKnownFileType = audio.wav; path = musicBG.wav; sourceTree = "<group>"; };
		4AD3AC65198741DC00C82D3D /* Opening.h */ = {isa = PBXFileReference; fileEncoding = 4; lastKnownFileType = sourcecode.c.h; name = Opening.h; path = Source/Opening.h; sourceTree = "<group>"; };
		4AD3AC66198741DC00C82D3D /* Opening.m */ = {isa = PBXFileReference; fileEncoding = 4; lastKnownFileType = sourcecode.c.objc; name = Opening.m; path = Source/Opening.m; sourceTree = "<group>"; };
		4AE0CE94198B33610080E6E1 /* gameplayMusic.mp3 */ = {isa = PBXFileReference; lastKnownFileType = audio.mp3; path = gameplayMusic.mp3; sourceTree = "<group>"; };
		4AEF0B03199925C900C8FC46 /* libz.dylib */ = {isa = PBXFileReference; lastKnownFileType = "compiled.mach-o.dylib"; name = libz.dylib; path = usr/lib/libz.dylib; sourceTree = SDKROOT; };
		4AEF0B05199925DA00C8FC46 /* MessageUI.framework */ = {isa = PBXFileReference; lastKnownFileType = wrapper.framework; name = MessageUI.framework; path = System/Library/Frameworks/MessageUI.framework; sourceTree = SDKROOT; };
		4AEF0B07199925E400C8FC46 /* Social.framework */ = {isa = PBXFileReference; lastKnownFileType = wrapper.framework; name = Social.framework; path = System/Library/Frameworks/Social.framework; sourceTree = SDKROOT; };
		4AEF0B09199925F100C8FC46 /* StoreKit.framework */ = {isa = PBXFileReference; lastKnownFileType = wrapper.framework; name = StoreKit.framework; path = System/Library/Frameworks/StoreKit.framework; sourceTree = SDKROOT; };
		4AEF0B0B1999260300C8FC46 /* SystemConfiguration.framework */ = {isa = PBXFileReference; lastKnownFileType = wrapper.framework; name = SystemConfiguration.framework; path = System/Library/Frameworks/SystemConfiguration.framework; sourceTree = SDKROOT; };
		4AEF0B0D1999263F00C8FC46 /* Twitter.framework */ = {isa = PBXFileReference; lastKnownFileType = wrapper.framework; name = Twitter.framework; path = System/Library/Frameworks/Twitter.framework; sourceTree = SDKROOT; };
		4AEF0B101999275900C8FC46 /* mgwuSDK.framework */ = {isa = PBXFileReference; lastKnownFileType = wrapper.framework; path = mgwuSDK.framework; sourceTree = "<group>"; };
		4AEF0B121999275900C8FC46 /* aqua.png */ = {isa = PBXFileReference; lastKnownFileType = image.png; path = aqua.png; sourceTree = "<group>"; };
		4AEF0B131999275900C8FC46 /* bluechatbubble.png */ = {isa = PBXFileReference; lastKnownFileType = image.png; path = bluechatbubble.png; sourceTree = "<group>"; };
		4AEF0B141999275900C8FC46 /* CrossPromoViewController.nib */ = {isa = PBXFileReference; lastKnownFileType = file.bplist; path = CrossPromoViewController.nib; sourceTree = "<group>"; };
		4AEF0B151999275900C8FC46 /* FacebookIcon.png */ = {isa = PBXFileReference; lastKnownFileType = image.png; path = FacebookIcon.png; sourceTree = "<group>"; };
		4AEF0B161999275900C8FC46 /* fb_connect.png */ = {isa = PBXFileReference; lastKnownFileType = image.png; path = fb_connect.png; sourceTree = "<group>"; };
		4AEF0B171999275900C8FC46 /* FBLoginButton.png */ = {isa = PBXFileReference; lastKnownFileType = image.png; path = FBLoginButton.png; sourceTree = "<group>"; };
		4AEF0B181999275900C8FC46 /* FBLoginButton@2x.png */ = {isa = PBXFileReference; lastKnownFileType = image.png; path = "FBLoginButton@2x.png"; sourceTree = "<group>"; };
		4AEF0B191999275900C8FC46 /* FBLoginButtonPressed.png */ = {isa = PBXFileReference; lastKnownFileType = image.png; path = FBLoginButtonPressed.png; sourceTree = "<group>"; };
		4AEF0B1A1999275900C8FC46 /* FBLoginButtonPressed@2x.png */ = {isa = PBXFileReference; lastKnownFileType = image.png; path = "FBLoginButtonPressed@2x.png"; sourceTree = "<group>"; };
		4AEF0B1B1999275900C8FC46 /* FBNoThanksButton.png */ = {isa = PBXFileReference; lastKnownFileType = image.png; path = FBNoThanksButton.png; sourceTree = "<group>"; };
		4AEF0B1C1999275900C8FC46 /* FBNoThanksButton@2x.png */ = {isa = PBXFileReference; lastKnownFileType = image.png; path = "FBNoThanksButton@2x.png"; sourceTree = "<group>"; };
		4AEF0B1D1999275900C8FC46 /* FBNoThanksButtonPressed.png */ = {isa = PBXFileReference; lastKnownFileType = image.png; path = FBNoThanksButtonPressed.png; sourceTree = "<group>"; };
		4AEF0B1E1999275900C8FC46 /* FBNoThanksButtonPressed@2x.png */ = {isa = PBXFileReference; lastKnownFileType = image.png; path = "FBNoThanksButtonPressed@2x.png"; sourceTree = "<group>"; };
		4AEF0B1F1999275900C8FC46 /* green.png */ = {isa = PBXFileReference; lastKnownFileType = image.png; path = green.png; sourceTree = "<group>"; };
		4AEF0B201999275900C8FC46 /* grey-background.png */ = {isa = PBXFileReference; lastKnownFileType = image.png; path = "grey-background.png"; sourceTree = "<group>"; };
		4AEF0B211999275900C8FC46 /* hipmob.back.btn.png */ = {isa = PBXFileReference; lastKnownFileType = image.png; path = hipmob.back.btn.png; sourceTree = "<group>"; };
		4AEF0B221999275900C8FC46 /* hipmob.send.png */ = {isa = PBXFileReference; lastKnownFileType = image.png; path = hipmob.send.png; sourceTree = "<group>"; };
		4AEF0B231999275900C8FC46 /* hipmobsend_field.png */ = {isa = PBXFileReference; lastKnownFileType = image.png; path = hipmobsend_field.png; sourceTree = "<group>"; };
		4AEF0B241999275900C8FC46 /* hipmobsend_field@2x.png */ = {isa = PBXFileReference; lastKnownFileType = image.png; path = "hipmobsend_field@2x.png"; sourceTree = "<group>"; };
		4AEF0B251999275900C8FC46 /* mgwu-gk-notification.png */ = {isa = PBXFileReference; lastKnownFileType = image.png; path = "mgwu-gk-notification.png"; sourceTree = "<group>"; };
		4AEF0B261999275900C8FC46 /* mgwu-gk-notification@2x.png */ = {isa = PBXFileReference; lastKnownFileType = image.png; path = "mgwu-gk-notification@2x.png"; sourceTree = "<group>"; };
		4AEF0B271999275900C8FC46 /* mgwu-m.png */ = {isa = PBXFileReference; lastKnownFileType = image.png; path = "mgwu-m.png"; sourceTree = "<group>"; };
		4AEF0B281999275900C8FC46 /* mgwu-m@2x.png */ = {isa = PBXFileReference; lastKnownFileType = image.png; path = "mgwu-m@2x.png"; sourceTree = "<group>"; };
		4AEF0B291999275900C8FC46 /* MGWUAboutFooter-Landscape-568h@2x~iphone.png */ = {isa = PBXFileReference; lastKnownFileType = image.png; path = "MGWUAboutFooter-Landscape-568h@2x~iphone.png"; sourceTree = "<group>"; };
		4AEF0B2A1999275900C8FC46 /* MGWUAboutFooter-Landscape@2x~ipad.png */ = {isa = PBXFileReference; lastKnownFileType = image.png; path = "MGWUAboutFooter-Landscape@2x~ipad.png"; sourceTree = "<group>"; };
		4AEF0B2B1999275900C8FC46 /* MGWUAboutFooter-Landscape@2x~iphone.png */ = {isa = PBXFileReference; lastKnownFileType = image.png; path = "MGWUAboutFooter-Landscape@2x~iphone.png"; sourceTree = "<group>"; };
		4AEF0B2C1999275900C8FC46 /* MGWUAboutFooter-Landscape~ipad.png */ = {isa = PBXFileReference; lastKnownFileType = image.png; path = "MGWUAboutFooter-Landscape~ipad.png"; sourceTree = "<group>"; };
		4AEF0B2D1999275900C8FC46 /* MGWUAboutFooter-Landscape~iphone.png */ = {isa = PBXFileReference; lastKnownFileType = image.png; path = "MGWUAboutFooter-Landscape~iphone.png"; sourceTree = "<group>"; };
		4AEF0B2E1999275900C8FC46 /* MGWUAboutFooter-Portrait@2x~ipad.png */ = {isa = PBXFileReference; lastKnownFileType = image.png; path = "MGWUAboutFooter-Portrait@2x~ipad.png"; sourceTree = "<group>"; };
		4AEF0B2F1999275900C8FC46 /* MGWUAboutFooter-Portrait@2x~iphone.png */ = {isa = PBXFileReference; lastKnownFileType = image.png; path = "MGWUAboutFooter-Portrait@2x~iphone.png"; sourceTree = "<group>"; };
		4AEF0B301999275900C8FC46 /* MGWUAboutFooter-Portrait~ipad.png */ = {isa = PBXFileReference; lastKnownFileType = image.png; path = "MGWUAboutFooter-Portrait~ipad.png"; sourceTree = "<group>"; };
		4AEF0B311999275900C8FC46 /* MGWUAboutFooter-Portrait~iphone.png */ = {isa = PBXFileReference; lastKnownFileType = image.png; path = "MGWUAboutFooter-Portrait~iphone.png"; sourceTree = "<group>"; };
		4AEF0B321999275900C8FC46 /* MGWUBackground-Landscape@2x~ipad.png */ = {isa = PBXFileReference; lastKnownFileType = image.png; path = "MGWUBackground-Landscape@2x~ipad.png"; sourceTree = "<group>"; };
		4AEF0B331999275900C8FC46 /* MGWUBackground-Landscape@2x~iphone.png */ = {isa = PBXFileReference; lastKnownFileType = image.png; path = "MGWUBackground-Landscape@2x~iphone.png"; sourceTree = "<group>"; };
		4AEF0B341999275900C8FC46 /* MGWUBackground-Landscape~ipad.png */ = {isa = PBXFileReference; lastKnownFileType = image.png; path = "MGWUBackground-Landscape~ipad.png"; sourceTree = "<group>"; };
		4AEF0B351999275900C8FC46 /* MGWUBackground-Landscape~iphone.png */ = {isa = PBXFileReference; lastKnownFileType = image.png; path = "MGWUBackground-Landscape~iphone.png"; sourceTree = "<group>"; };
		4AEF0B361999275900C8FC46 /* MGWUBackground-Portrait@2x~ipad.png */ = {isa = PBXFileReference; lastKnownFileType = image.png; path = "MGWUBackground-Portrait@2x~ipad.png"; sourceTree = "<group>"; };
		4AEF0B371999275900C8FC46 /* MGWUBackground-Portrait@2x~iphone.png */ = {isa = PBXFileReference; lastKnownFileType = image.png; path = "MGWUBackground-Portrait@2x~iphone.png"; sourceTree = "<group>"; };
		4AEF0B381999275900C8FC46 /* MGWUBackground-Portrait~ipad.png */ = {isa = PBXFileReference; lastKnownFileType = image.png; path = "MGWUBackground-Portrait~ipad.png"; sourceTree = "<group>"; };
		4AEF0B391999275900C8FC46 /* MGWUBackground-Portrait~iphone.png */ = {isa = PBXFileReference; lastKnownFileType = image.png; path = "MGWUBackground-Portrait~iphone.png"; sourceTree = "<group>"; };
		4AEF0B3A1999275900C8FC46 /* MGWUBackgroundDark-Landscape@2x~ipad.png */ = {isa = PBXFileReference; lastKnownFileType = image.png; path = "MGWUBackgroundDark-Landscape@2x~ipad.png"; sourceTree = "<group>"; };
		4AEF0B3B1999275900C8FC46 /* MGWUBackgroundDark-Landscape@2x~iphone.png */ = {isa = PBXFileReference; lastKnownFileType = image.png; path = "MGWUBackgroundDark-Landscape@2x~iphone.png"; sourceTree = "<group>"; };
		4AEF0B3C1999275900C8FC46 /* MGWUBackgroundDark-Landscape~ipad.png */ = {isa = PBXFileReference; lastKnownFileType = image.png; path = "MGWUBackgroundDark-Landscape~ipad.png"; sourceTree = "<group>"; };
		4AEF0B3D1999275900C8FC46 /* MGWUBackgroundDark-Landscape~iphone.png */ = {isa = PBXFileReference; lastKnownFileType = image.png; path = "MGWUBackgroundDark-Landscape~iphone.png"; sourceTree = "<group>"; };
		4AEF0B3E1999275900C8FC46 /* MGWUBackgroundDark-Portrait@2x~ipad.png */ = {isa = PBXFileReference; lastKnownFileType = image.png; path = "MGWUBackgroundDark-Portrait@2x~ipad.png"; sourceTree = "<group>"; };
		4AEF0B3F1999275900C8FC46 /* MGWUBackgroundDark-Portrait@2x~iphone.png */ = {isa = PBXFileReference; lastKnownFileType = image.png; path = "MGWUBackgroundDark-Portrait@2x~iphone.png"; sourceTree = "<group>"; };
		4AEF0B401999275900C8FC46 /* MGWUBackgroundDark-Portrait~ipad.png */ = {isa = PBXFileReference; lastKnownFileType = image.png; path = "MGWUBackgroundDark-Portrait~ipad.png"; sourceTree = "<group>"; };
		4AEF0B411999275900C8FC46 /* MGWUBackgroundDark-Portrait~iphone.png */ = {isa = PBXFileReference; lastKnownFileType = image.png; path = "MGWUBackgroundDark-Portrait~iphone.png"; sourceTree = "<group>"; };
		4AEF0B421999275900C8FC46 /* MGWUClose.png */ = {isa = PBXFileReference; lastKnownFileType = image.png; path = MGWUClose.png; sourceTree = "<group>"; };
		4AEF0B431999275900C8FC46 /* MGWUClose@2x.png */ = {isa = PBXFileReference; lastKnownFileType = image.png; path = "MGWUClose@2x.png"; sourceTree = "<group>"; };
		4AEF0B441999275900C8FC46 /* MGWUFacebookLoginLandscape.nib */ = {isa = PBXFileReference; lastKnownFileType = file.bplist; path = MGWUFacebookLoginLandscape.nib; sourceTree = "<group>"; };
		4AEF0B451999275900C8FC46 /* MGWUFacebookLoginLandscapeDark.nib */ = {isa = PBXFileReference; lastKnownFileType = file.bplist; path = MGWUFacebookLoginLandscapeDark.nib; sourceTree = "<group>"; };
		4AEF0B461999275900C8FC46 /* MGWUFacebookLoginPortrait.nib */ = {isa = PBXFileReference; lastKnownFileType = file.bplist; path = MGWUFacebookLoginPortrait.nib; sourceTree = "<group>"; };
		4AEF0B471999275900C8FC46 /* MGWUFacebookLoginPortraitDark.nib */ = {isa = PBXFileReference; lastKnownFileType = file.bplist; path = MGWUFacebookLoginPortraitDark.nib; sourceTree = "<group>"; };
		4AEF0B481999275A00C8FC46 /* mgwuLogo.png */ = {isa = PBXFileReference; lastKnownFileType = image.png; path = mgwuLogo.png; sourceTree = "<group>"; };
		4AEF0B491999275A00C8FC46 /* mgwuLogo@2x.png */ = {isa = PBXFileReference; lastKnownFileType = image.png; path = "mgwuLogo@2x.png"; sourceTree = "<group>"; };
		4AEF0B4A1999275A00C8FC46 /* mgwuLogoDark.png */ = {isa = PBXFileReference; lastKnownFileType = image.png; path = mgwuLogoDark.png; sourceTree = "<group>"; };
		4AEF0B4B1999275A00C8FC46 /* mgwuLogoDark@2x.png */ = {isa = PBXFileReference; lastKnownFileType = image.png; path = "mgwuLogoDark@2x.png"; sourceTree = "<group>"; };
		4AEF0B4C1999275A00C8FC46 /* mgwuPlaceholderIcon.png */ = {isa = PBXFileReference; lastKnownFileType = image.png; path = mgwuPlaceholderIcon.png; sourceTree = "<group>"; };
		4AEF0B4D1999275A00C8FC46 /* mgwuPlaceholderIcon@2x.png */ = {isa = PBXFileReference; lastKnownFileType = image.png; path = "mgwuPlaceholderIcon@2x.png"; sourceTree = "<group>"; };
		4AEF0B4E1999275A00C8FC46 /* mgwuPlaceholderIconDark.png */ = {isa = PBXFileReference; lastKnownFileType = image.png; path = mgwuPlaceholderIconDark.png; sourceTree = "<group>"; };
		4AEF0B4F1999275A00C8FC46 /* mgwuPlaceholderIconDark@2x.png */ = {isa = PBXFileReference; lastKnownFileType = image.png; path = "mgwuPlaceholderIconDark@2x.png"; sourceTree = "<group>"; };
		4AEF0B501999275A00C8FC46 /* operator.available.png */ = {isa = PBXFileReference; lastKnownFileType = image.png; path = operator.available.png; sourceTree = "<group>"; };
		4AEF0B511999275A00C8FC46 /* operator.connecting.png */ = {isa = PBXFileReference; lastKnownFileType = image.png; path = operator.connecting.png; sourceTree = "<group>"; };
		4AEF0B521999275A00C8FC46 /* operator.unavailable.png */ = {isa = PBXFileReference; lastKnownFileType = image.png; path = operator.unavailable.png; sourceTree = "<group>"; };
		4AEF0B531999275A00C8FC46 /* send-button-active.png */ = {isa = PBXFileReference; lastKnownFileType = image.png; path = "send-button-active.png"; sourceTree = "<group>"; };
		4AEF0B541999275A00C8FC46 /* send-button-inactive.png */ = {isa = PBXFileReference; lastKnownFileType = image.png; path = "send-button-inactive.png"; sourceTree = "<group>"; };
		4AEF0B551999275A00C8FC46 /* send-button-instate.png */ = {isa = PBXFileReference; lastKnownFileType = image.png; path = "send-button-instate.png"; sourceTree = "<group>"; };
		4AEF0B561999275A00C8FC46 /* send-field-landscape.png */ = {isa = PBXFileReference; lastKnownFileType = image.png; path = "send-field-landscape.png"; sourceTree = "<group>"; };
		4AEF0B9D1999336B00C8FC46 /* Diver.h */ = {isa = PBXFileReference; fileEncoding = 4; lastKnownFileType = sourcecode.c.h; path = Diver.h; sourceTree = "<group>"; };
		4AEF0B9E1999336B00C8FC46 /* Diver.m */ = {isa = PBXFileReference; fileEncoding = 4; lastKnownFileType = sourcecode.c.objc; path = Diver.m; sourceTree = "<group>"; };
		4AEFDA3F1975939E0031E959 /* Win.h */ = {isa = PBXFileReference; fileEncoding = 4; lastKnownFileType = sourcecode.c.h; name = Win.h; path = Source/Win.h; sourceTree = "<group>"; };
		4AEFDA401975939E0031E959 /* Win.m */ = {isa = PBXFileReference; fileEncoding = 4; lastKnownFileType = sourcecode.c.objc; name = Win.m; path = Source/Win.m; sourceTree = "<group>"; };
		4AEFDA471976C3090031E959 /* CCPhysicsTouchNode.h */ = {isa = PBXFileReference; fileEncoding = 4; lastKnownFileType = sourcecode.c.h; path = CCPhysicsTouchNode.h; sourceTree = "<group>"; };
		4AEFDA481976C3090031E959 /* CCPhysicsTouchNode.m */ = {isa = PBXFileReference; fileEncoding = 4; lastKnownFileType = sourcecode.c.objc; path = CCPhysicsTouchNode.m; sourceTree = "<group>"; };
		4AEFDA4A1976ECCC0031E959 /* Parachute.h */ = {isa = PBXFileReference; fileEncoding = 4; lastKnownFileType = sourcecode.c.h; name = Parachute.h; path = Source/Parachute.h; sourceTree = "<group>"; };
		4AEFDA4B1976ECCC0031E959 /* Parachute.m */ = {isa = PBXFileReference; fileEncoding = 4; lastKnownFileType = sourcecode.c.objc; name = Parachute.m; path = Source/Parachute.m; sourceTree = "<group>"; };
		4AF30B4B199A4BB600C369FD /* HighScore.h */ = {isa = PBXFileReference; fileEncoding = 4; lastKnownFileType = sourcecode.c.h; path = HighScore.h; sourceTree = "<group>"; };
		4AF30B4C199A4BB600C369FD /* HighScore.m */ = {isa = PBXFileReference; fileEncoding = 4; lastKnownFileType = sourcecode.c.objc; path = HighScore.m; sourceTree = "<group>"; };
		4AFA1F9019912D4A00806975 /* ViewController.h */ = {isa = PBXFileReference; fileEncoding = 4; lastKnownFileType = sourcecode.c.h; path = ViewController.h; sourceTree = "<group>"; };
		4AFA1F9119912D4A00806975 /* ViewController.m */ = {isa = PBXFileReference; fileEncoding = 4; lastKnownFileType = sourcecode.c.objc; path = ViewController.m; sourceTree = "<group>"; };
		4AFA1F941993124000806975 /* victory.wav */ = {isa = PBXFileReference; lastKnownFileType = audio.wav; path = victory.wav; sourceTree = "<group>"; };
		4AFA1F961993125500806975 /* win.wav */ = {isa = PBXFileReference; lastKnownFileType = audio.wav; path = win.wav; sourceTree = "<group>"; };
		4AFA1F981993126200806975 /* winmelody.wav */ = {isa = PBXFileReference; lastKnownFileType = audio.wav; path = winmelody.wav; sourceTree = "<group>"; };
		4AFA1FA9199523F000806975 /* dyingSleepy.mp3 */ = {isa = PBXFileReference; lastKnownFileType = audio.mp3; path = dyingSleepy.mp3; sourceTree = "<group>"; };
		4AFA1FAB1995592D00806975 /* explosions.mp3 */ = {isa = PBXFileReference; lastKnownFileType = audio.mp3; path = explosions.mp3; sourceTree = "<group>"; };
		4AFA1FAD19955A3C00806975 /* explode.mp3 */ = {isa = PBXFileReference; lastKnownFileType = audio.mp3; path = explode.mp3; sourceTree = "<group>"; };
		4AFA1FAF19955AEF00806975 /* redAlert.mp3 */ = {isa = PBXFileReference; lastKnownFileType = audio.mp3; path = redAlert.mp3; sourceTree = "<group>"; };
		4AFA1FB119955E2D00806975 /* grunt.mp3 */ = {isa = PBXFileReference; lastKnownFileType = audio.mp3; path = grunt.mp3; sourceTree = "<group>"; };
		4AFA1FB319955FF200806975 /* press.wav */ = {isa = PBXFileReference; lastKnownFileType = audio.wav; path = press.wav; sourceTree = "<group>"; };
		4AFA1FB5199577D300806975 /* explode.wav */ = {isa = PBXFileReference; lastKnownFileType = audio.wav; path = explode.wav; sourceTree = "<group>"; };
		4AFA1FB7199578E200806975 /* quieterExplosion.wav */ = {isa = PBXFileReference; lastKnownFileType = audio.wav; path = quieterExplosion.wav; sourceTree = "<group>"; };
		4AFA1FB919957A6300806975 /* screamer.wav */ = {isa = PBXFileReference; lastKnownFileType = audio.wav; path = screamer.wav; sourceTree = "<group>"; };
		4AFA1FBB19957BEE00806975 /* die.wav */ = {isa = PBXFileReference; lastKnownFileType = audio.wav; path = die.wav; sourceTree = "<group>"; };
		4AFA1FBD19958C0700806975 /* grunting.wav */ = {isa = PBXFileReference; lastKnownFileType = audio.wav; path = grunting.wav; sourceTree = "<group>"; };
		4AFA1FBF19958E7100806975 /* flick.wav */ = {isa = PBXFileReference; lastKnownFileType = audio.wav; path = flick.wav; sourceTree = "<group>"; };
		4AFA1FC11996CBCD00806975 /* terror.wav */ = {isa = PBXFileReference; lastKnownFileType = audio.wav; path = terror.wav; sourceTree = "<group>"; };
		8392007918EE8E3300B6C429 /* GLKit.framework */ = {isa = PBXFileReference; lastKnownFileType = wrapper.framework; name = GLKit.framework; path = System/Library/Frameworks/GLKit.framework; sourceTree = SDKROOT; };
		B737893A180761570076A88C /* Published-iOS */ = {isa = PBXFileReference; lastKnownFileType = folder; name = "Published-iOS"; path = "Source/Resources/Published-iOS"; sourceTree = SOURCE_ROOT; };
		B737893D1807617C0076A88C /* AppDelegate.h */ = {isa = PBXFileReference; fileEncoding = 4; lastKnownFileType = sourcecode.c.h; name = AppDelegate.h; path = Source/AppDelegate.h; sourceTree = "<group>"; };
		B737893E1807617C0076A88C /* AppDelegate.m */ = {isa = PBXFileReference; fileEncoding = 4; lastKnownFileType = sourcecode.c.objc; name = AppDelegate.m; path = Source/AppDelegate.m; sourceTree = "<group>"; };
		B7378940180761A80076A88C /* cocos2d-ios.xcodeproj */ = {isa = PBXFileReference; lastKnownFileType = "wrapper.pb-project"; name = "cocos2d-ios.xcodeproj"; path = "Source/libs/cocos2d-iphone/cocos2d-ios.xcodeproj"; sourceTree = SOURCE_ROOT; };
		B73789851807631A0076A88C /* main.m */ = {isa = PBXFileReference; fileEncoding = 4; lastKnownFileType = sourcecode.c.objc; name = main.m; path = Source/main.m; sourceTree = SOURCE_ROOT; };
		B73789861807631A0076A88C /* Prefix.pch */ = {isa = PBXFileReference; fileEncoding = 4; lastKnownFileType = sourcecode.c.h; name = Prefix.pch; path = Source/Prefix.pch; sourceTree = SOURCE_ROOT; };
		B7378992180767190076A88C /* MainScene.h */ = {isa = PBXFileReference; fileEncoding = 4; lastKnownFileType = sourcecode.c.h; name = MainScene.h; path = Source/MainScene.h; sourceTree = "<group>"; };
		B7378993180767190076A88C /* MainScene.m */ = {isa = PBXFileReference; fileEncoding = 4; lastKnownFileType = sourcecode.c.objc; name = MainScene.m; path = Source/MainScene.m; sourceTree = "<group>"; };
		B77F1B2E17B978D7009739AE /* Sleepy Head.app */ = {isa = PBXFileReference; explicitFileType = wrapper.application; includeInIndex = 0; path = "Sleepy Head.app"; sourceTree = BUILT_PRODUCTS_DIR; };
		B77F1B3117B978D7009739AE /* QuartzCore.framework */ = {isa = PBXFileReference; lastKnownFileType = wrapper.framework; name = QuartzCore.framework; path = System/Library/Frameworks/QuartzCore.framework; sourceTree = SDKROOT; };
		B77F1B3317B978D7009739AE /* OpenGLES.framework */ = {isa = PBXFileReference; lastKnownFileType = wrapper.framework; name = OpenGLES.framework; path = System/Library/Frameworks/OpenGLES.framework; sourceTree = SDKROOT; };
		B77F1B3517B978D7009739AE /* OpenAL.framework */ = {isa = PBXFileReference; lastKnownFileType = wrapper.framework; name = OpenAL.framework; path = System/Library/Frameworks/OpenAL.framework; sourceTree = SDKROOT; };
		B77F1B3717B978D7009739AE /* AudioToolbox.framework */ = {isa = PBXFileReference; lastKnownFileType = wrapper.framework; name = AudioToolbox.framework; path = System/Library/Frameworks/AudioToolbox.framework; sourceTree = SDKROOT; };
		B77F1B3917B978D7009739AE /* AVFoundation.framework */ = {isa = PBXFileReference; lastKnownFileType = wrapper.framework; name = AVFoundation.framework; path = System/Library/Frameworks/AVFoundation.framework; sourceTree = SDKROOT; };
		B77F1B3B17B978D7009739AE /* UIKit.framework */ = {isa = PBXFileReference; lastKnownFileType = wrapper.framework; name = UIKit.framework; path = System/Library/Frameworks/UIKit.framework; sourceTree = SDKROOT; };
		B77F1B3D17B978D7009739AE /* Foundation.framework */ = {isa = PBXFileReference; lastKnownFileType = wrapper.framework; name = Foundation.framework; path = System/Library/Frameworks/Foundation.framework; sourceTree = SDKROOT; };
		B77F1B3F17B978D7009739AE /* CoreGraphics.framework */ = {isa = PBXFileReference; lastKnownFileType = wrapper.framework; name = CoreGraphics.framework; path = System/Library/Frameworks/CoreGraphics.framework; sourceTree = SDKROOT; };
		B77F1B4117B978D7009739AE /* CoreText.framework */ = {isa = PBXFileReference; lastKnownFileType = wrapper.framework; name = CoreText.framework; path = System/Library/Frameworks/CoreText.framework; sourceTree = SDKROOT; };
		B7B3713D180358F1007369CC /* libObjectiveChipmunk.a */ = {isa = PBXFileReference; lastKnownFileType = archive.ar; name = libObjectiveChipmunk.a; path = "../libs/cocos2d-iphone/external/Chipmunk/xcode/build/Debug-iphoneos/libObjectiveChipmunk.a"; sourceTree = "<group>"; };
/* End PBXFileReference section */

/* Begin PBXFrameworksBuildPhase section */
		B77F1B2B17B978D7009739AE /* Frameworks */ = {
			isa = PBXFrameworksBuildPhase;
			buildActionMask = 2147483647;
			files = (
				4AEF0B0E1999263F00C8FC46 /* Twitter.framework in Frameworks */,
				4AEF0B0C1999260300C8FC46 /* SystemConfiguration.framework in Frameworks */,
				4AEF0B0A199925F100C8FC46 /* StoreKit.framework in Frameworks */,
				4AEF0B08199925E400C8FC46 /* Social.framework in Frameworks */,
				4AEF0B06199925DA00C8FC46 /* MessageUI.framework in Frameworks */,
				4AEF0B571999275A00C8FC46 /* mgwuSDK.framework in Frameworks */,
				4AEF0B04199925C900C8FC46 /* libz.dylib in Frameworks */,
				8392007A18EE8E3300B6C429 /* GLKit.framework in Frameworks */,
				B737898A1807642B0076A88C /* libcocos2d.a in Frameworks */,
				B77F1B3217B978D7009739AE /* QuartzCore.framework in Frameworks */,
				B77F1B3417B978D7009739AE /* OpenGLES.framework in Frameworks */,
				B77F1B3617B978D7009739AE /* OpenAL.framework in Frameworks */,
				B77F1B3817B978D7009739AE /* AudioToolbox.framework in Frameworks */,
				B77F1B3A17B978D7009739AE /* AVFoundation.framework in Frameworks */,
				B77F1B3C17B978D7009739AE /* UIKit.framework in Frameworks */,
				B77F1B3E17B978D7009739AE /* Foundation.framework in Frameworks */,
				B77F1B4017B978D7009739AE /* CoreGraphics.framework in Frameworks */,
				B77F1B4217B978D7009739AE /* CoreText.framework in Frameworks */,
			);
			runOnlyForDeploymentPostprocessing = 0;
		};
/* End PBXFrameworksBuildPhase section */

/* Begin PBXGroup section */
		4A0FCF09199D543F0088AE01 /* App Icons Square */ = {
			isa = PBXGroup;
			children = (
				4A0FCF0A199D543F0088AE01 /* AppIcon16x16 copy.png */,
				4A0FCF0B199D543F0088AE01 /* AppIcon29x29.png */,
				4A0FCF0C199D543F0088AE01 /* AppIcon29x29@2x.png */,
				4A0FCF0D199D543F0088AE01 /* AppIcon40x40.png */,
				4A0FCF0E199D543F0088AE01 /* AppIcon40x40@2x.png */,
				4A0FCF0F199D543F0088AE01 /* AppIcon50x50.png */,
				4A0FCF10199D543F0088AE01 /* AppIcon50x50@2x.png */,
				4A0FCF11199D543F0088AE01 /* AppIcon57x57.png */,
				4A0FCF12199D543F0088AE01 /* AppIcon57x57@2x.png */,
				4A0FCF13199D543F0088AE01 /* AppIcon60x60.png */,
				4A0FCF14199D543F0088AE01 /* AppIcon60x60@2x.png */,
				4A0FCF15199D543F0088AE01 /* AppIcon72x72.png */,
				4A0FCF16199D543F0088AE01 /* AppIcon72x72@2x.png */,
				4A0FCF17199D543F0088AE01 /* AppIcon76x76.png */,
				4A0FCF18199D543F0088AE01 /* AppIcon76x76@2x.png */,
				4A0FCF19199D543F0088AE01 /* iTunesArtwork.png */,
				4A0FCF1A199D543F0088AE01 /* iTunesArtwork@2x.png */,
			);
			path = "App Icons Square";
			sourceTree = "<group>";
		};
		4A0FCF3A19A2986E0088AE01 /* LaunchImage.launchimage */ = {
			isa = PBXGroup;
			children = (
				4A0FCF3B19A2986E0088AE01 /* Contents.json */,
				4A0FCF3C19A2986E0088AE01 /* Default-568h@2x.png */,
				4A0FCF3D19A2986E0088AE01 /* Default.png */,
				4A0FCF3E19A2986E0088AE01 /* Default@2x.png */,
				4A0FCF3F19A2986E0088AE01 /* Default~ipad.png */,
				4A0FCF4019A2986E0088AE01 /* Default~ipad@2x.png */,
				4A0FCF4119A2986E0088AE01 /* Default~ipad~landscape.png */,
				4A0FCF4219A2986E0088AE01 /* Default~ipad~landscape@2x.png */,
				4A0FCF4319A2986E0088AE01 /* Default~ipad~landscape~nostatusbar.png */,
				4A0FCF4419A2986E0088AE01 /* Default~ipad~landscape~nostatusbar@2x.png */,
				4A0FCF4519A2986E0088AE01 /* Default~ipad~nostatusbar.png */,
				4A0FCF4619A2986E0088AE01 /* Default~ipad~nostatusbar@2x.png */,
			);
			name = LaunchImage.launchimage;
			path = "App Icons Square/LaunchImage.launchimage";
			sourceTree = "<group>";
		};
		4AEF0B0F1999275900C8FC46 /* mgwuSDK.embeddedframework */ = {
			isa = PBXGroup;
			children = (
				4AEF0B101999275900C8FC46 /* mgwuSDK.framework */,
				4AEF0B111999275900C8FC46 /* Resources */,
			);
			path = mgwuSDK.embeddedframework;
			sourceTree = "<group>";
		};
		4AEF0B111999275900C8FC46 /* Resources */ = {
			isa = PBXGroup;
			children = (
				4AEF0B121999275900C8FC46 /* aqua.png */,
				4AEF0B131999275900C8FC46 /* bluechatbubble.png */,
				4AEF0B141999275900C8FC46 /* CrossPromoViewController.nib */,
				4AEF0B151999275900C8FC46 /* FacebookIcon.png */,
				4AEF0B161999275900C8FC46 /* fb_connect.png */,
				4AEF0B171999275900C8FC46 /* FBLoginButton.png */,
				4AEF0B181999275900C8FC46 /* FBLoginButton@2x.png */,
				4AEF0B191999275900C8FC46 /* FBLoginButtonPressed.png */,
				4AEF0B1A1999275900C8FC46 /* FBLoginButtonPressed@2x.png */,
				4AEF0B1B1999275900C8FC46 /* FBNoThanksButton.png */,
				4AEF0B1C1999275900C8FC46 /* FBNoThanksButton@2x.png */,
				4AEF0B1D1999275900C8FC46 /* FBNoThanksButtonPressed.png */,
				4AEF0B1E1999275900C8FC46 /* FBNoThanksButtonPressed@2x.png */,
				4AEF0B1F1999275900C8FC46 /* green.png */,
				4AEF0B201999275900C8FC46 /* grey-background.png */,
				4AEF0B211999275900C8FC46 /* hipmob.back.btn.png */,
				4AEF0B221999275900C8FC46 /* hipmob.send.png */,
				4AEF0B231999275900C8FC46 /* hipmobsend_field.png */,
				4AEF0B241999275900C8FC46 /* hipmobsend_field@2x.png */,
				4AEF0B251999275900C8FC46 /* mgwu-gk-notification.png */,
				4AEF0B261999275900C8FC46 /* mgwu-gk-notification@2x.png */,
				4AEF0B271999275900C8FC46 /* mgwu-m.png */,
				4AEF0B281999275900C8FC46 /* mgwu-m@2x.png */,
				4AEF0B291999275900C8FC46 /* MGWUAboutFooter-Landscape-568h@2x~iphone.png */,
				4AEF0B2A1999275900C8FC46 /* MGWUAboutFooter-Landscape@2x~ipad.png */,
				4AEF0B2B1999275900C8FC46 /* MGWUAboutFooter-Landscape@2x~iphone.png */,
				4AEF0B2C1999275900C8FC46 /* MGWUAboutFooter-Landscape~ipad.png */,
				4AEF0B2D1999275900C8FC46 /* MGWUAboutFooter-Landscape~iphone.png */,
				4AEF0B2E1999275900C8FC46 /* MGWUAboutFooter-Portrait@2x~ipad.png */,
				4AEF0B2F1999275900C8FC46 /* MGWUAboutFooter-Portrait@2x~iphone.png */,
				4AEF0B301999275900C8FC46 /* MGWUAboutFooter-Portrait~ipad.png */,
				4AEF0B311999275900C8FC46 /* MGWUAboutFooter-Portrait~iphone.png */,
				4AEF0B321999275900C8FC46 /* MGWUBackground-Landscape@2x~ipad.png */,
				4AEF0B331999275900C8FC46 /* MGWUBackground-Landscape@2x~iphone.png */,
				4AEF0B341999275900C8FC46 /* MGWUBackground-Landscape~ipad.png */,
				4AEF0B351999275900C8FC46 /* MGWUBackground-Landscape~iphone.png */,
				4AEF0B361999275900C8FC46 /* MGWUBackground-Portrait@2x~ipad.png */,
				4AEF0B371999275900C8FC46 /* MGWUBackground-Portrait@2x~iphone.png */,
				4AEF0B381999275900C8FC46 /* MGWUBackground-Portrait~ipad.png */,
				4AEF0B391999275900C8FC46 /* MGWUBackground-Portrait~iphone.png */,
				4AEF0B3A1999275900C8FC46 /* MGWUBackgroundDark-Landscape@2x~ipad.png */,
				4AEF0B3B1999275900C8FC46 /* MGWUBackgroundDark-Landscape@2x~iphone.png */,
				4AEF0B3C1999275900C8FC46 /* MGWUBackgroundDark-Landscape~ipad.png */,
				4AEF0B3D1999275900C8FC46 /* MGWUBackgroundDark-Landscape~iphone.png */,
				4AEF0B3E1999275900C8FC46 /* MGWUBackgroundDark-Portrait@2x~ipad.png */,
				4AEF0B3F1999275900C8FC46 /* MGWUBackgroundDark-Portrait@2x~iphone.png */,
				4AEF0B401999275900C8FC46 /* MGWUBackgroundDark-Portrait~ipad.png */,
				4AEF0B411999275900C8FC46 /* MGWUBackgroundDark-Portrait~iphone.png */,
				4AEF0B421999275900C8FC46 /* MGWUClose.png */,
				4AEF0B431999275900C8FC46 /* MGWUClose@2x.png */,
				4AEF0B441999275900C8FC46 /* MGWUFacebookLoginLandscape.nib */,
				4AEF0B451999275900C8FC46 /* MGWUFacebookLoginLandscapeDark.nib */,
				4AEF0B461999275900C8FC46 /* MGWUFacebookLoginPortrait.nib */,
				4AEF0B471999275900C8FC46 /* MGWUFacebookLoginPortraitDark.nib */,
				4AEF0B481999275A00C8FC46 /* mgwuLogo.png */,
				4AEF0B491999275A00C8FC46 /* mgwuLogo@2x.png */,
				4AEF0B4A1999275A00C8FC46 /* mgwuLogoDark.png */,
				4AEF0B4B1999275A00C8FC46 /* mgwuLogoDark@2x.png */,
				4AEF0B4C1999275A00C8FC46 /* mgwuPlaceholderIcon.png */,
				4AEF0B4D1999275A00C8FC46 /* mgwuPlaceholderIcon@2x.png */,
				4AEF0B4E1999275A00C8FC46 /* mgwuPlaceholderIconDark.png */,
				4AEF0B4F1999275A00C8FC46 /* mgwuPlaceholderIconDark@2x.png */,
				4AEF0B501999275A00C8FC46 /* operator.available.png */,
				4AEF0B511999275A00C8FC46 /* operator.connecting.png */,
				4AEF0B521999275A00C8FC46 /* operator.unavailable.png */,
				4AEF0B531999275A00C8FC46 /* send-button-active.png */,
				4AEF0B541999275A00C8FC46 /* send-button-inactive.png */,
				4AEF0B551999275A00C8FC46 /* send-button-instate.png */,
				4AEF0B561999275A00C8FC46 /* send-field-landscape.png */,
			);
			path = Resources;
			sourceTree = "<group>";
		};
		9222E2B918734FF800A246C7 /* libs */ = {
			isa = PBXGroup;
			children = (
				B7378940180761A80076A88C /* cocos2d-ios.xcodeproj */,
			);
			name = libs;
			sourceTree = "<group>";
		};
		B737893C1807616C0076A88C /* Source */ = {
			isa = PBXGroup;
			children = (
				4A1CAF30196D895C00B367E9 /* Medium.h */,
				4A1CAF31196D895C00B367E9 /* Medium.m */,
				B737893D1807617C0076A88C /* AppDelegate.h */,
				B737893E1807617C0076A88C /* AppDelegate.m */,
				B7378992180767190076A88C /* MainScene.h */,
				B7378993180767190076A88C /* MainScene.m */,
				4AF30B4B199A4BB600C369FD /* HighScore.h */,
				4AF30B4C199A4BB600C369FD /* HighScore.m */,
				4AD3AC65198741DC00C82D3D /* Opening.h */,
				4AD3AC66198741DC00C82D3D /* Opening.m */,
				4AFA1F9019912D4A00806975 /* ViewController.h */,
				4AFA1F9119912D4A00806975 /* ViewController.m */,
				4A09F15A198FE08300C83601 /* Scroll.h */,
				4A09F15B198FE08300C83601 /* Scroll.m */,
				4A512864197D85B3005231C8 /* GameData.h */,
				4A512865197D85B3005231C8 /* GameData.m */,
				4A51286C19814D01005231C8 /* Select.h */,
				4A51286D19814D01005231C8 /* Select.m */,
				4A51287019815C7A005231C8 /* Paused.h */,
				4A28BAE61982A0F10094A4C5 /* Pause.h */,
				4A28BAE71982A0F10094A4C5 /* Pause.m */,
				4A51287119815C7A005231C8 /* Paused.m */,
				4A1CAF16196C767E00B367E9 /* Gameplay.h */,
				4A1CAF17196C767E00B367E9 /* Gameplay.m */,
				4AEF0B9D1999336B00C8FC46 /* Diver.h */,
				4AEF0B9E1999336B00C8FC46 /* Diver.m */,
				4A998375197449E8000FBAFC /* GameEnd.h */,
				4A998376197449E8000FBAFC /* GameEnd.m */,
				4AEFDA471976C3090031E959 /* CCPhysicsTouchNode.h */,
				4AEFDA481976C3090031E959 /* CCPhysicsTouchNode.m */,
				4A5A65C11989256200A1DE7F /* touch.h */,
				4A5A65C21989256200A1DE7F /* touch.m */,
				4AEFDA3F1975939E0031E959 /* Win.h */,
				4AEFDA401975939E0031E959 /* Win.m */,
				4A75851E19785F930046C1D7 /* Directions.h */,
				4A75851F19785F930046C1D7 /* Directions.m */,
				4A1CAF39196EDDAA00B367E9 /* Sleepy.h */,
				4A1CAF3A196EDDAA00B367E9 /* Sleepy.m */,
				4A1CAF36196DB9C100B367E9 /* Obstacle.h */,
				4A1CAF37196DB9C100B367E9 /* Obstacle.m */,
				4A1CAF33196D8E9F00B367E9 /* Timer.h */,
				4A1CAF34196D8E9F00B367E9 /* Timer.m */,
				4AEFDA4A1976ECCC0031E959 /* Parachute.h */,
				4AEFDA4B1976ECCC0031E959 /* Parachute.m */,
				4A1CAF27196D891100B367E9 /* Light.h */,
				4A1CAF28196D891200B367E9 /* Light.m */,
				4A1CAF2D196D893300B367E9 /* Heavy.h */,
				4A1CAF2E196D893300B367E9 /* Heavy.m */,
				4A1CAF1E196C7B9E00B367E9 /* Turtle.h */,
				4A1CAF1F196C7B9E00B367E9 /* Turtle.m */,
				4A0FCF2E199D891B0088AE01 /* Ness.h */,
				4A0FCF2F199D891B0088AE01 /* Ness.m */,
			);
			name = Source;
			sourceTree = "<group>";
		};
		B7378941180761A80076A88C /* Products */ = {
			isa = PBXGroup;
			children = (
				B737894B180761A90076A88C /* libcocos2d.a */,
			);
			name = Products;
			sourceTree = "<group>";
		};
		B73789911807667A0076A88C /* Icons */ = {
			isa = PBXGroup;
			children = (
				4A0FCF3A19A2986E0088AE01 /* LaunchImage.launchimage */,
				4A0FCF09199D543F0088AE01 /* App Icons Square */,
			);
			name = Icons;
			sourceTree = "<group>";
		};
		B77F1B2517B978D7009739AE = {
			isa = PBXGroup;
			children = (
				4A09F14A198C080E00C83601 /* OldGame.h */,
				4A09F14B198C080E00C83601 /* OldGame.m */,
				B737893C1807616C0076A88C /* Source */,
				B77F1B4617B978D7009739AE /* Resources */,
				9222E2B918734FF800A246C7 /* libs */,
				B77F1CCF17B978D8009739AE /* Supporting Files */,
				B77F1B3017B978D7009739AE /* Frameworks */,
				B77F1B2F17B978D7009739AE /* Products */,
			);
			sourceTree = "<group>";
		};
		B77F1B2F17B978D7009739AE /* Products */ = {
			isa = PBXGroup;
			children = (
				B77F1B2E17B978D7009739AE /* Sleepy Head.app */,
			);
			name = Products;
			sourceTree = "<group>";
		};
		B77F1B3017B978D7009739AE /* Frameworks */ = {
			isa = PBXGroup;
			children = (
				4AEF0B0F1999275900C8FC46 /* mgwuSDK.embeddedframework */,
				4AEF0B0D1999263F00C8FC46 /* Twitter.framework */,
				4AEF0B0B1999260300C8FC46 /* SystemConfiguration.framework */,
				4AEF0B09199925F100C8FC46 /* StoreKit.framework */,
				4AEF0B07199925E400C8FC46 /* Social.framework */,
				4AEF0B05199925DA00C8FC46 /* MessageUI.framework */,
				4AEF0B03199925C900C8FC46 /* libz.dylib */,
				8392007918EE8E3300B6C429 /* GLKit.framework */,
				B7B3713D180358F1007369CC /* libObjectiveChipmunk.a */,
				B77F1B3117B978D7009739AE /* QuartzCore.framework */,
				B77F1B3317B978D7009739AE /* OpenGLES.framework */,
				B77F1B3517B978D7009739AE /* OpenAL.framework */,
				B77F1B3717B978D7009739AE /* AudioToolbox.framework */,
				B77F1B3917B978D7009739AE /* AVFoundation.framework */,
				B77F1B3B17B978D7009739AE /* UIKit.framework */,
				B77F1B3D17B978D7009739AE /* Foundation.framework */,
				B77F1B3F17B978D7009739AE /* CoreGraphics.framework */,
				B77F1B4117B978D7009739AE /* CoreText.framework */,
			);
			name = Frameworks;
			sourceTree = "<group>";
		};
		B77F1B4617B978D7009739AE /* Resources */ = {
			isa = PBXGroup;
			children = (
				4A7C696D199CF3D300A9F4D8 /* Images.xcassets */,
				4A7C6964199BAA3F00A9F4D8 /* Images.xcassets */,
				4AFA1F981993126200806975 /* winmelody.wav */,
				4A7C6968199C1CE000A9F4D8 /* alarm.wav */,
				4AFA1FAF19955AEF00806975 /* redAlert.mp3 */,
				4AFA1FB5199577D300806975 /* explode.wav */,
				4AFA1FBF19958E7100806975 /* flick.wav */,
				4AFA1FC11996CBCD00806975 /* terror.wav */,
				4AFA1FAB1995592D00806975 /* explosions.mp3 */,
				4AFA1FBB19957BEE00806975 /* die.wav */,
				4AFA1FAD19955A3C00806975 /* explode.mp3 */,
				4AFA1FB7199578E200806975 /* quieterExplosion.wav */,
				4AFA1FBD19958C0700806975 /* grunting.wav */,
				4AFA1FB319955FF200806975 /* press.wav */,
				4AFA1FB919957A6300806975 /* screamer.wav */,
				4AFA1FB119955E2D00806975 /* grunt.mp3 */,
				4AFA1FA9199523F000806975 /* dyingSleepy.mp3 */,
				4AFA1F961993125500806975 /* win.wav */,
				4AFA1F941993124000806975 /* victory.wav */,
				4AE0CE94198B33610080E6E1 /* gameplayMusic.mp3 */,
				4AB95EF8198A7FB000431F74 /* pianoBG.wav */,
				4AB95EFC198A858400431F74 /* musicBG.wav */,
				B73789911807667A0076A88C /* Icons */,
				B737893A180761570076A88C /* Published-iOS */,
			);
			name = Resources;
			path = Source/Resources;
			sourceTree = "<group>";
		};
		B77F1CCF17B978D8009739AE /* Supporting Files */ = {
			isa = PBXGroup;
			children = (
				B73789851807631A0076A88C /* main.m */,
				B73789861807631A0076A88C /* Prefix.pch */,
			);
			name = "Supporting Files";
			sourceTree = "<group>";
		};
/* End PBXGroup section */

/* Begin PBXNativeTarget section */
		B77F1B2D17B978D7009739AE /* Sleepy Head */ = {
			isa = PBXNativeTarget;
			buildConfigurationList = B77F1CDE17B978D8009739AE /* Build configuration list for PBXNativeTarget "Sleepy Head" */;
			buildPhases = (
				D2E0167A18D782EC00927430 /* Run Script */,
				B77F1B2A17B978D7009739AE /* Sources */,
				B77F1B2B17B978D7009739AE /* Frameworks */,
				B77F1B2C17B978D7009739AE /* Resources */,
			);
			buildRules = (
			);
			dependencies = (
				B7378989180764180076A88C /* PBXTargetDependency */,
			);
			name = "Sleepy Head";
			productName = Example;
			productReference = B77F1B2E17B978D7009739AE /* Sleepy Head.app */;
			productType = "com.apple.product-type.application";
		};
/* End PBXNativeTarget section */

/* Begin PBXProject section */
		B77F1B2617B978D7009739AE /* Project object */ = {
			isa = PBXProject;
			attributes = {
				LastUpgradeCheck = 0510;
				ORGANIZATIONNAME = Apportable;
				TargetAttributes = {
					B77F1B2D17B978D7009739AE = {
						DevelopmentTeam = GQGXF9JDYH;
						SystemCapabilities = {
							com.apple.GameCenter = {
								enabled = 0;
							};
						};
					};
				};
			};
			buildConfigurationList = B77F1B2917B978D7009739AE /* Build configuration list for PBXProject "Sleepy Head" */;
			compatibilityVersion = "Xcode 3.2";
			developmentRegion = English;
			hasScannedForEncodings = 0;
			knownRegions = (
				en,
			);
			mainGroup = B77F1B2517B978D7009739AE;
			productRefGroup = B77F1B2F17B978D7009739AE /* Products */;
			projectDirPath = "";
			projectReferences = (
				{
					ProductGroup = B7378941180761A80076A88C /* Products */;
					ProjectRef = B7378940180761A80076A88C /* cocos2d-ios.xcodeproj */;
				},
			);
			projectRoot = "";
			targets = (
				B77F1B2D17B978D7009739AE /* Sleepy Head */,
			);
		};
/* End PBXProject section */

/* Begin PBXReferenceProxy section */
		B737894B180761A90076A88C /* libcocos2d.a */ = {
			isa = PBXReferenceProxy;
			fileType = archive.ar;
			path = libcocos2d.a;
			remoteRef = B737894A180761A90076A88C /* PBXContainerItemProxy */;
			sourceTree = BUILT_PRODUCTS_DIR;
		};
/* End PBXReferenceProxy section */

/* Begin PBXResourcesBuildPhase section */
		B77F1B2C17B978D7009739AE /* Resources */ = {
			isa = PBXResourcesBuildPhase;
			buildActionMask = 2147483647;
			files = (
				4AFA1FB8199578E200806975 /* quieterExplosion.wav in Resources */,
				4AFA1FAE19955A3D00806975 /* explode.mp3 in Resources */,
				4AEF0B601999275A00C8FC46 /* FBLoginButtonPressed@2x.png in Resources */,
				4AFA1FBA19957A6300806975 /* screamer.wav in Resources */,
				4A0FCF5119A2986E0088AE01 /* Default~ipad~nostatusbar.png in Resources */,
				4AEF0B9A1999275A00C8FC46 /* send-button-inactive.png in Resources */,
				4AEF0B981999275A00C8FC46 /* operator.unavailable.png in Resources */,
				4AEF0B771999275A00C8FC46 /* MGWUAboutFooter-Portrait~iphone.png in Resources */,
				4AEF0B8E1999275A00C8FC46 /* mgwuLogo.png in Resources */,
				4AEF0B671999275A00C8FC46 /* hipmob.back.btn.png in Resources */,
				4A0FCF28199D543F0088AE01 /* AppIcon76x76.png in Resources */,
				4AEF0B801999275A00C8FC46 /* MGWUBackgroundDark-Landscape@2x~ipad.png in Resources */,
				4AEF0B7F1999275A00C8FC46 /* MGWUBackground-Portrait~iphone.png in Resources */,
				4A0FCF21199D543F0088AE01 /* AppIcon50x50@2x.png in Resources */,
				4AEF0B6D1999275A00C8FC46 /* mgwu-m.png in Resources */,
				4AEF0B851999275A00C8FC46 /* MGWUBackgroundDark-Portrait@2x~iphone.png in Resources */,
				4AEF0B8A1999275A00C8FC46 /* MGWUFacebookLoginLandscape.nib in Resources */,
				4AFA1FAA199523F000806975 /* dyingSleepy.mp3 in Resources */,
				4AEF0B931999275A00C8FC46 /* mgwuPlaceholderIcon@2x.png in Resources */,
				4AEF0B6A1999275A00C8FC46 /* hipmobsend_field@2x.png in Resources */,
				4AEF0B9B1999275A00C8FC46 /* send-button-instate.png in Resources */,
				4A0FCF1F199D543F0088AE01 /* AppIcon40x40@2x.png in Resources */,
				4AEF0B741999275A00C8FC46 /* MGWUAboutFooter-Portrait@2x~ipad.png in Resources */,
				4A0FCF4B19A2986E0088AE01 /* Default~ipad.png in Resources */,
				4AE0CE95198B33610080E6E1 /* gameplayMusic.mp3 in Resources */,
				4AFA1FC019958E7100806975 /* flick.wav in Resources */,
				4A7C6969199C1CE000A9F4D8 /* alarm.wav in Resources */,
				4AEF0B7C1999275A00C8FC46 /* MGWUBackground-Portrait@2x~ipad.png in Resources */,
				4A7C6965199BAA3F00A9F4D8 /* Images.xcassets in Resources */,
				4AFA1F951993124000806975 /* victory.wav in Resources */,
				4AEF0B8D1999275A00C8FC46 /* MGWUFacebookLoginPortraitDark.nib in Resources */,
				4A7C696E199CF3D300A9F4D8 /* Images.xcassets in Resources */,
				4AFA1FB6199577D300806975 /* explode.wav in Resources */,
				4A0FCF25199D543F0088AE01 /* AppIcon60x60@2x.png in Resources */,
				4AEF0B641999275A00C8FC46 /* FBNoThanksButtonPressed@2x.png in Resources */,
				4A0FCF23199D543F0088AE01 /* AppIcon57x57@2x.png in Resources */,
				4AEF0B5E1999275A00C8FC46 /* FBLoginButton@2x.png in Resources */,
				4AEF0B871999275A00C8FC46 /* MGWUBackgroundDark-Portrait~iphone.png in Resources */,
				4AEF0B791999275A00C8FC46 /* MGWUBackground-Landscape@2x~iphone.png in Resources */,
				4A0FCF1E199D543F0088AE01 /* AppIcon40x40.png in Resources */,
				4A0FCF4D19A2986E0088AE01 /* Default~ipad~landscape.png in Resources */,
				4A0FCF4A19A2986E0088AE01 /* Default@2x.png in Resources */,
				4AEF0B681999275A00C8FC46 /* hipmob.send.png in Resources */,
				4AB95EFD198A858400431F74 /* musicBG.wav in Resources */,
				4AFA1FAC1995592D00806975 /* explosions.mp3 in Resources */,
				4A0FCF2B199D543F0088AE01 /* iTunesArtwork@2x.png in Resources */,
				4AEF0B901999275A00C8FC46 /* mgwuLogoDark.png in Resources */,
				4AEF0B7A1999275A00C8FC46 /* MGWUBackground-Landscape~ipad.png in Resources */,
				4A0FCF22199D543F0088AE01 /* AppIcon57x57.png in Resources */,
				4AFA1FB419955FF200806975 /* press.wav in Resources */,
				4AFA1FBC19957BEE00806975 /* die.wav in Resources */,
				4AEF0B621999275A00C8FC46 /* FBNoThanksButton@2x.png in Resources */,
				4AEF0B8B1999275A00C8FC46 /* MGWUFacebookLoginLandscapeDark.nib in Resources */,
				4AEF0B9C1999275A00C8FC46 /* send-field-landscape.png in Resources */,
				4AEF0B5D1999275A00C8FC46 /* FBLoginButton.png in Resources */,
				4AFA1FB219955E2D00806975 /* grunt.mp3 in Resources */,
				4A0FCF26199D543F0088AE01 /* AppIcon72x72.png in Resources */,
				4AEF0B661999275A00C8FC46 /* grey-background.png in Resources */,
				4A0FCF24199D543F0088AE01 /* AppIcon60x60.png in Resources */,
				4AEF0B691999275A00C8FC46 /* hipmobsend_field.png in Resources */,
				4AEF0B5C1999275A00C8FC46 /* fb_connect.png in Resources */,
				4AEF0B971999275A00C8FC46 /* operator.connecting.png in Resources */,
				B737893B180761570076A88C /* Published-iOS in Resources */,
				4AFA1F991993126200806975 /* winmelody.wav in Resources */,
				4AEF0B7B1999275A00C8FC46 /* MGWUBackground-Landscape~iphone.png in Resources */,
				4AB95EF9198A7FB000431F74 /* pianoBG.wav in Resources */,
				4A0FCF4F19A2986E0088AE01 /* Default~ipad~landscape~nostatusbar.png in Resources */,
				4AEF0B5B1999275A00C8FC46 /* FacebookIcon.png in Resources */,
				4AEF0B701999275A00C8FC46 /* MGWUAboutFooter-Landscape@2x~ipad.png in Resources */,
				4AEF0B8C1999275A00C8FC46 /* MGWUFacebookLoginPortrait.nib in Resources */,
				4AEF0B761999275A00C8FC46 /* MGWUAboutFooter-Portrait~ipad.png in Resources */,
				4A0FCF20199D543F0088AE01 /* AppIcon50x50.png in Resources */,
				4A0FCF4919A2986E0088AE01 /* Default.png in Resources */,
				4A0FCF1C199D543F0088AE01 /* AppIcon29x29.png in Resources */,
				4AEF0B891999275A00C8FC46 /* MGWUClose@2x.png in Resources */,
				4AEF0B8F1999275A00C8FC46 /* mgwuLogo@2x.png in Resources */,
				4AEF0B831999275A00C8FC46 /* MGWUBackgroundDark-Landscape~iphone.png in Resources */,
				4A0FCF2A199D543F0088AE01 /* iTunesArtwork.png in Resources */,
				4AEF0B7E1999275A00C8FC46 /* MGWUBackground-Portrait~ipad.png in Resources */,
				4AEF0B961999275A00C8FC46 /* operator.available.png in Resources */,
				4A0FCF5019A2986E0088AE01 /* Default~ipad~landscape~nostatusbar@2x.png in Resources */,
				4AEF0B781999275A00C8FC46 /* MGWUBackground-Landscape@2x~ipad.png in Resources */,
				4A0FCF4719A2986E0088AE01 /* Contents.json in Resources */,
				4AFA1FBE19958C0700806975 /* grunting.wav in Resources */,
				4A0FCF4819A2986E0088AE01 /* Default-568h@2x.png in Resources */,
				4AEF0B6F1999275A00C8FC46 /* MGWUAboutFooter-Landscape-568h@2x~iphone.png in Resources */,
				4AFA1F971993125500806975 /* win.wav in Resources */,
				4AEF0B631999275A00C8FC46 /* FBNoThanksButtonPressed.png in Resources */,
				4AEF0B861999275A00C8FC46 /* MGWUBackgroundDark-Portrait~ipad.png in Resources */,
				4A0FCF27199D543F0088AE01 /* AppIcon72x72@2x.png in Resources */,
				4AEF0B6C1999275A00C8FC46 /* mgwu-gk-notification@2x.png in Resources */,
				4AEF0B731999275A00C8FC46 /* MGWUAboutFooter-Landscape~iphone.png in Resources */,
				4AEF0B5F1999275A00C8FC46 /* FBLoginButtonPressed.png in Resources */,
				4AEF0B751999275A00C8FC46 /* MGWUAboutFooter-Portrait@2x~iphone.png in Resources */,
				4A0FCF5219A2986E0088AE01 /* Default~ipad~nostatusbar@2x.png in Resources */,
				4AEF0B951999275A00C8FC46 /* mgwuPlaceholderIconDark@2x.png in Resources */,
				4AEF0B841999275A00C8FC46 /* MGWUBackgroundDark-Portrait@2x~ipad.png in Resources */,
				4AEF0B711999275A00C8FC46 /* MGWUAboutFooter-Landscape@2x~iphone.png in Resources */,
				4AEF0B6B1999275A00C8FC46 /* mgwu-gk-notification.png in Resources */,
				4A0FCF1D199D543F0088AE01 /* AppIcon29x29@2x.png in Resources */,
				4AEF0B921999275A00C8FC46 /* mgwuPlaceholderIcon.png in Resources */,
				4AEF0B881999275A00C8FC46 /* MGWUClose.png in Resources */,
				4A0FCF4C19A2986E0088AE01 /* Default~ipad@2x.png in Resources */,
				4AEF0B941999275A00C8FC46 /* mgwuPlaceholderIconDark.png in Resources */,
				4AEF0B7D1999275A00C8FC46 /* MGWUBackground-Portrait@2x~iphone.png in Resources */,
				4AEF0B581999275A00C8FC46 /* aqua.png in Resources */,
				4A0FCF4E19A2986E0088AE01 /* Default~ipad~landscape@2x.png in Resources */,
				4AEF0B5A1999275A00C8FC46 /* CrossPromoViewController.nib in Resources */,
				4AEF0B991999275A00C8FC46 /* send-button-active.png in Resources */,
				4AEF0B821999275A00C8FC46 /* MGWUBackgroundDark-Landscape~ipad.png in Resources */,
				4A0FCF1B199D543F0088AE01 /* AppIcon16x16 copy.png in Resources */,
				4AEF0B591999275A00C8FC46 /* bluechatbubble.png in Resources */,
				4AEF0B6E1999275A00C8FC46 /* mgwu-m@2x.png in Resources */,
				4AEF0B611999275A00C8FC46 /* FBNoThanksButton.png in Resources */,
				4AEF0B721999275A00C8FC46 /* MGWUAboutFooter-Landscape~ipad.png in Resources */,
				4AEF0B911999275A00C8FC46 /* mgwuLogoDark@2x.png in Resources */,
				4AEF0B651999275A00C8FC46 /* green.png in Resources */,
				4AFA1FC21996CBCD00806975 /* terror.wav in Resources */,
				4AEF0B811999275A00C8FC46 /* MGWUBackgroundDark-Landscape@2x~iphone.png in Resources */,
				4A0FCF29199D543F0088AE01 /* AppIcon76x76@2x.png in Resources */,
				4AFA1FB019955AEF00806975 /* redAlert.mp3 in Resources */,
			);
			runOnlyForDeploymentPostprocessing = 0;
		};
/* End PBXResourcesBuildPhase section */

/* Begin PBXShellScriptBuildPhase section */
		D2E0167A18D782EC00927430 /* Run Script */ = {
			isa = PBXShellScriptBuildPhase;
			buildActionMask = 2147483647;
			files = (
			);
			inputPaths = (
			);
			name = "Run Script";
			outputPaths = (
			);
			runOnlyForDeploymentPostprocessing = 0;
			shellPath = /bin/sh;
			shellScript = "osascript -e 'tell application \"System Events\"' -e 'set ProcessList to name of every process' -e 'if \"SpriteBuilder\" is in ProcessList then' -e 'tell application \"SpriteBuilder\" to publish' -e 'end if' -e 'end tell'";
		};
/* End PBXShellScriptBuildPhase section */

/* Begin PBXSourcesBuildPhase section */
		B77F1B2A17B978D7009739AE /* Sources */ = {
			isa = PBXSourcesBuildPhase;
			buildActionMask = 2147483647;
			files = (
				4A1CAF29196D891200B367E9 /* Light.m in Sources */,
				B737893F1807617C0076A88C /* AppDelegate.m in Sources */,
				4A0FCF30199D891B0088AE01 /* Ness.m in Sources */,
				4A1CAF38196DB9C100B367E9 /* Obstacle.m in Sources */,
				4A1CAF18196C767E00B367E9 /* Gameplay.m in Sources */,
				4A28BAE81982A0F10094A4C5 /* Pause.m in Sources */,
				4A09F14C198C080E00C83601 /* OldGame.m in Sources */,
				4AFA1F9219912D4A00806975 /* ViewController.m in Sources */,
				4A1CAF20196C7B9E00B367E9 /* Turtle.m in Sources */,
				4A998377197449E9000FBAFC /* GameEnd.m in Sources */,
				4A5A65C31989256200A1DE7F /* touch.m in Sources */,
				4A1CAF32196D895C00B367E9 /* Medium.m in Sources */,
				B7378994180767190076A88C /* MainScene.m in Sources */,
				4A1CAF35196D8E9F00B367E9 /* Timer.m in Sources */,
				B73789871807631A0076A88C /* main.m in Sources */,
				4AEF0B9F1999336B00C8FC46 /* Diver.m in Sources */,
				4A1CAF2F196D893300B367E9 /* Heavy.m in Sources */,
				4A512866197D85B3005231C8 /* GameData.m in Sources */,
				4AF30B4D199A4BB600C369FD /* HighScore.m in Sources */,
				4AD3AC67198741DC00C82D3D /* Opening.m in Sources */,
				4A51287219815C7A005231C8 /* Paused.m in Sources */,
				4A09F15C198FE08300C83601 /* Scroll.m in Sources */,
				4A75852019785F930046C1D7 /* Directions.m in Sources */,
				4AEFDA491976C3090031E959 /* CCPhysicsTouchNode.m in Sources */,
				4A1CAF3B196EDDAA00B367E9 /* Sleepy.m in Sources */,
				4A51286E19814D01005231C8 /* Select.m in Sources */,
				4AEFDA4C1976ECCC0031E959 /* Parachute.m in Sources */,
				4AEFDA411975939E0031E959 /* Win.m in Sources */,
			);
			runOnlyForDeploymentPostprocessing = 0;
		};
/* End PBXSourcesBuildPhase section */

/* Begin PBXTargetDependency section */
		B7378989180764180076A88C /* PBXTargetDependency */ = {
			isa = PBXTargetDependency;
			name = cocos2d;
			targetProxy = B7378988180764180076A88C /* PBXContainerItemProxy */;
		};
/* End PBXTargetDependency section */

/* Begin XCBuildConfiguration section */
		B77F1CDC17B978D8009739AE /* Debug */ = {
			isa = XCBuildConfiguration;
			buildSettings = {
				CLANG_WARN_BOOL_CONVERSION = YES;
				CLANG_WARN_CONSTANT_CONVERSION = YES;
				CLANG_WARN_EMPTY_BODY = YES;
				CLANG_WARN_ENUM_CONVERSION = YES;
				CLANG_WARN_INT_CONVERSION = YES;
				CLANG_WARN__DUPLICATE_METHOD_MATCH = YES;
				"CODE_SIGN_IDENTITY[sdk=iphoneos*]" = "iPhone Developer: Melanie Hsu (P39DKAM3M9)";
				GCC_C_LANGUAGE_STANDARD = gnu99;
				GCC_OPTIMIZATION_LEVEL = 0;
				GCC_PREPROCESSOR_DEFINITIONS = (
					DEBUG,
					"COCOS2D_DEBUG=1",
				);
				GCC_SYMBOLS_PRIVATE_EXTERN = NO;
				GCC_VERSION = com.apple.compilers.llvm.clang.1_0;
				GCC_WARN_64_TO_32_BIT_CONVERSION = YES;
				GCC_WARN_ABOUT_RETURN_TYPE = YES;
				GCC_WARN_UNDECLARED_SELECTOR = YES;
				GCC_WARN_UNINITIALIZED_AUTOS = YES;
				GCC_WARN_UNUSED_FUNCTION = YES;
				GCC_WARN_UNUSED_VARIABLE = YES;
				IPHONEOS_DEPLOYMENT_TARGET = 4.0;
				ONLY_ACTIVE_ARCH = YES;
				PROVISIONING_PROFILE = "03282947-44a3-44f2-aa51-2893fa47c68e";
				SDKROOT = iphoneos;
				TARGETED_DEVICE_FAMILY = "1,2";
			};
			name = Debug;
		};
		B77F1CDD17B978D8009739AE /* Release */ = {
			isa = XCBuildConfiguration;
			buildSettings = {
				CLANG_WARN_BOOL_CONVERSION = YES;
				CLANG_WARN_CONSTANT_CONVERSION = YES;
				CLANG_WARN_EMPTY_BODY = YES;
				CLANG_WARN_ENUM_CONVERSION = YES;
				CLANG_WARN_INT_CONVERSION = YES;
				CLANG_WARN__DUPLICATE_METHOD_MATCH = YES;
				"CODE_SIGN_IDENTITY[sdk=iphoneos*]" = "iPhone Developer: Melanie Hsu (P39DKAM3M9)";
				GCC_C_LANGUAGE_STANDARD = gnu99;
				GCC_PREPROCESSOR_DEFINITIONS = (
					NDEBUG,
					"NS_BLOCK_ASSERTIONS=1",
				);
				GCC_VERSION = com.apple.compilers.llvm.clang.1_0;
				GCC_WARN_64_TO_32_BIT_CONVERSION = YES;
				GCC_WARN_ABOUT_RETURN_TYPE = YES;
				GCC_WARN_UNDECLARED_SELECTOR = YES;
				GCC_WARN_UNINITIALIZED_AUTOS = YES;
				GCC_WARN_UNUSED_FUNCTION = YES;
				GCC_WARN_UNUSED_VARIABLE = YES;
				IPHONEOS_DEPLOYMENT_TARGET = 4.0;
				PROVISIONING_PROFILE = "03282947-44a3-44f2-aa51-2893fa47c68e";
				SDKROOT = iphoneos;
				TARGETED_DEVICE_FAMILY = "1,2";
			};
			name = Release;
		};
		B77F1CDF17B978D8009739AE /* Debug */ = {
			isa = XCBuildConfiguration;
			buildSettings = {
				ALWAYS_SEARCH_USER_PATHS = NO;
				ASSETCATALOG_COMPILER_APPICON_NAME = AppIcon;
				CLANG_ENABLE_OBJC_ARC = YES;
				CODE_SIGN_IDENTITY = "iPhone Developer";
				"CODE_SIGN_IDENTITY[sdk=iphoneos*]" = "iPhone Developer";
				COPY_PHASE_STRIP = NO;
				FRAMEWORK_SEARCH_PATHS = (
					"$(inherited)",
					"$(PROJECT_DIR)/mgwuSDK.embeddedframework",
				);
				GCC_DYNAMIC_NO_PIC = NO;
				GCC_PRECOMPILE_PREFIX_HEADER = YES;
				GCC_PREFIX_HEADER = Source/Prefix.pch;
				HEADER_SEARCH_PATHS = (
					"\"Source/libs/cocos2d-iphone/external/kazmath/include\"/**",
					"\"Source/libs/cocos2d-iphone/cocos2d\"/**",
					"Source/libs/cocos2d-iphone/external/Chipmunk/objectivec/include",
					"Source/libs/cocos2d-iphone/external/Chipmunk/include",
					"\"Source/libs/cocos2d-iphone/cocos2d-ui\"/**",
					"\"Source/libs/cocos2d-iphone/external/ObjectAL\"/**",
				);
				INFOPLIST_FILE = Source/Resources/Info.plist;
				IPHONEOS_DEPLOYMENT_TARGET = 6.0;
				ONLY_ACTIVE_ARCH = YES;
				OTHER_LDFLAGS = (
					"-lz",
					"-lsqlite3",
					"-ObjC",
				);
				PRODUCT_NAME = "Sleepy Head";
				PROVISIONING_PROFILE = "dd6ab9fc-cf0a-443c-aa6d-a7264db7baaa";
				TARGETED_DEVICE_FAMILY = 1;
				WRAPPER_EXTENSION = app;
			};
			name = Debug;
		};
		B77F1CE017B978D8009739AE /* Release */ = {
			isa = XCBuildConfiguration;
			buildSettings = {
				ALWAYS_SEARCH_USER_PATHS = NO;
				ASSETCATALOG_COMPILER_APPICON_NAME = AppIcon;
				CLANG_ENABLE_OBJC_ARC = YES;
				CODE_SIGN_IDENTITY = "iPhone Developer: Melanie Hsu (P39DKAM3M9)";
				"CODE_SIGN_IDENTITY[sdk=iphoneos*]" = "iPhone Developer: Melanie Hsu (P39DKAM3M9)";
				COPY_PHASE_STRIP = YES;
				FRAMEWORK_SEARCH_PATHS = (
					"$(inherited)",
					"$(PROJECT_DIR)/mgwuSDK.embeddedframework",
				);
				GCC_PRECOMPILE_PREFIX_HEADER = YES;
				GCC_PREFIX_HEADER = Source/Prefix.pch;
				HEADER_SEARCH_PATHS = (
					"\"Source/libs/cocos2d-iphone/external/kazmath/include\"/**",
					"\"Source/libs/cocos2d-iphone/cocos2d\"/**",
					"Source/libs/cocos2d-iphone/external/Chipmunk/objectivec/include",
					"Source/libs/cocos2d-iphone/external/Chipmunk/include",
					"\"Source/libs/cocos2d-iphone/cocos2d-ui\"/**",
					"\"Source/libs/cocos2d-iphone/external/ObjectAL\"/**",
				);
				INFOPLIST_FILE = Source/Resources/Info.plist;
				IPHONEOS_DEPLOYMENT_TARGET = 6.0;
				OTHER_LDFLAGS = (
					"-lz",
					"-lsqlite3",
					"-ObjC",
				);
				PRODUCT_NAME = "Sleepy Head";
				PROVISIONING_PROFILE = "dd6ab9fc-cf0a-443c-aa6d-a7264db7baaa";
				TARGETED_DEVICE_FAMILY = 1;
				VALIDATE_PRODUCT = YES;
				WRAPPER_EXTENSION = app;
			};
			name = Release;
		};
/* End XCBuildConfiguration section */

/* Begin XCConfigurationList section */
		B77F1B2917B978D7009739AE /* Build configuration list for PBXProject "Sleepy Head" */ = {
			isa = XCConfigurationList;
			buildConfigurations = (
				B77F1CDC17B978D8009739AE /* Debug */,
				B77F1CDD17B978D8009739AE /* Release */,
			);
			defaultConfigurationIsVisible = 0;
			defaultConfigurationName = Release;
		};
		B77F1CDE17B978D8009739AE /* Build configuration list for PBXNativeTarget "Sleepy Head" */ = {
			isa = XCConfigurationList;
			buildConfigurations = (
				B77F1CDF17B978D8009739AE /* Debug */,
				B77F1CE017B978D8009739AE /* Release */,
			);
			defaultConfigurationIsVisible = 0;
			defaultConfigurationName = Release;
		};
/* End XCConfigurationList section */
	};
	rootObject = B77F1B2617B978D7009739AE /* Project object */;
}
